// !$*UTF8*$!
{
	archiveVersion = 1;
	classes = {
	};
	objectVersion = 46;
	objects = {

/* Begin PBXAggregateTarget section */
		"smartystreets-ios-sdk::smartystreets-ios-sdkPackageTests::ProductTarget" /* smartystreets-ios-sdkPackageTests */ = {
			isa = PBXAggregateTarget;
			buildConfigurationList = OBJ_186 /* Build configuration list for PBXAggregateTarget "smartystreets-ios-sdkPackageTests" */;
			buildPhases = (
			);
			dependencies = (
				OBJ_189 /* PBXTargetDependency */,
			);
			name = "smartystreets-ios-sdkPackageTests";
			productName = "smartystreets-ios-sdkPackageTests";
		};
/* End PBXAggregateTarget section */

/* Begin PBXBuildFile section */
		OBJ_122 /* ClientBuilder.swift in Sources */ = {isa = PBXBuildFile; fileRef = OBJ_11 /* ClientBuilder.swift */; };
		OBJ_123 /* HttpSender.swift in Sources */ = {isa = PBXBuildFile; fileRef = OBJ_12 /* HttpSender.swift */; };
		OBJ_124 /* InternationalStreetAnalysis.swift in Sources */ = {isa = PBXBuildFile; fileRef = OBJ_14 /* InternationalStreetAnalysis.swift */; };
		OBJ_125 /* InternationalStreetCandidate.swift in Sources */ = {isa = PBXBuildFile; fileRef = OBJ_15 /* InternationalStreetCandidate.swift */; };
		OBJ_126 /* InternationalStreetChanges.swift in Sources */ = {isa = PBXBuildFile; fileRef = OBJ_16 /* InternationalStreetChanges.swift */; };
		OBJ_127 /* InternationalStreetClient.swift in Sources */ = {isa = PBXBuildFile; fileRef = OBJ_17 /* InternationalStreetClient.swift */; };
		OBJ_128 /* InternationalStreetComponents.swift in Sources */ = {isa = PBXBuildFile; fileRef = OBJ_18 /* InternationalStreetComponents.swift */; };
		OBJ_129 /* InternationalStreetLookup.swift in Sources */ = {isa = PBXBuildFile; fileRef = OBJ_19 /* InternationalStreetLookup.swift */; };
		OBJ_130 /* InternationalStreetMetadata.swift in Sources */ = {isa = PBXBuildFile; fileRef = OBJ_20 /* InternationalStreetMetadata.swift */; };
		OBJ_131 /* InternationalStreetRootLevel.swift in Sources */ = {isa = PBXBuildFile; fileRef = OBJ_21 /* InternationalStreetRootLevel.swift */; };
		OBJ_132 /* InternationalStreetSerializer.swift in Sources */ = {isa = PBXBuildFile; fileRef = OBJ_22 /* InternationalStreetSerializer.swift */; };
		OBJ_133 /* LanguageMode.swift in Sources */ = {isa = PBXBuildFile; fileRef = OBJ_23 /* LanguageMode.swift */; };
		OBJ_134 /* RetrySender.swift in Sources */ = {isa = PBXBuildFile; fileRef = OBJ_24 /* RetrySender.swift */; };
		OBJ_135 /* SharedCredentials.swift in Sources */ = {isa = PBXBuildFile; fileRef = OBJ_25 /* SharedCredentials.swift */; };
		OBJ_136 /* SigningSender.swift in Sources */ = {isa = PBXBuildFile; fileRef = OBJ_26 /* SigningSender.swift */; };
		OBJ_137 /* SmartyBatch.swift in Sources */ = {isa = PBXBuildFile; fileRef = OBJ_27 /* SmartyBatch.swift */; };
		OBJ_138 /* SmartyCredentials.swift in Sources */ = {isa = PBXBuildFile; fileRef = OBJ_28 /* SmartyCredentials.swift */; };
		OBJ_139 /* SmartyErrors.swift in Sources */ = {isa = PBXBuildFile; fileRef = OBJ_29 /* SmartyErrors.swift */; };
		OBJ_140 /* SmartyLogger.swift in Sources */ = {isa = PBXBuildFile; fileRef = OBJ_30 /* SmartyLogger.swift */; };
		OBJ_141 /* SmartyRequest.swift in Sources */ = {isa = PBXBuildFile; fileRef = OBJ_31 /* SmartyRequest.swift */; };
		OBJ_142 /* SmartyResponse.swift in Sources */ = {isa = PBXBuildFile; fileRef = OBJ_32 /* SmartyResponse.swift */; };
		OBJ_143 /* SmartySender.swift in Sources */ = {isa = PBXBuildFile; fileRef = OBJ_33 /* SmartySender.swift */; };
		OBJ_144 /* SmartySerializer.swift in Sources */ = {isa = PBXBuildFile; fileRef = OBJ_34 /* SmartySerializer.swift */; };
		OBJ_145 /* SmartySleeper.swift in Sources */ = {isa = PBXBuildFile; fileRef = OBJ_35 /* SmartySleeper.swift */; };
		OBJ_146 /* StaticCredentials.swift in Sources */ = {isa = PBXBuildFile; fileRef = OBJ_36 /* StaticCredentials.swift */; };
		OBJ_147 /* StatusCodeSender.swift in Sources */ = {isa = PBXBuildFile; fileRef = OBJ_37 /* StatusCodeSender.swift */; };
		OBJ_148 /* URLPrefixSender.swift in Sources */ = {isa = PBXBuildFile; fileRef = OBJ_38 /* URLPrefixSender.swift */; };
		OBJ_149 /* GeolocateType.swift in Sources */ = {isa = PBXBuildFile; fileRef = OBJ_40 /* GeolocateType.swift */; };
		OBJ_150 /* USAutocompleteClient.swift in Sources */ = {isa = PBXBuildFile; fileRef = OBJ_41 /* USAutocompleteClient.swift */; };
		OBJ_151 /* USAutocompleteLookup.swift in Sources */ = {isa = PBXBuildFile; fileRef = OBJ_42 /* USAutocompleteLookup.swift */; };
		OBJ_152 /* USAutocompleteResult.swift in Sources */ = {isa = PBXBuildFile; fileRef = OBJ_43 /* USAutocompleteResult.swift */; };
		OBJ_153 /* USAutocompleteSerializer.swift in Sources */ = {isa = PBXBuildFile; fileRef = OBJ_44 /* USAutocompleteSerializer.swift */; };
		OBJ_154 /* USAutocompleteSuggestion.swift in Sources */ = {isa = PBXBuildFile; fileRef = OBJ_45 /* USAutocompleteSuggestion.swift */; };
		OBJ_155 /* USExtractAddress.swift in Sources */ = {isa = PBXBuildFile; fileRef = OBJ_47 /* USExtractAddress.swift */; };
		OBJ_156 /* USExtractClient.swift in Sources */ = {isa = PBXBuildFile; fileRef = OBJ_48 /* USExtractClient.swift */; };
		OBJ_157 /* USExtractLookup.swift in Sources */ = {isa = PBXBuildFile; fileRef = OBJ_49 /* USExtractLookup.swift */; };
		OBJ_158 /* USExtractMetadata.swift in Sources */ = {isa = PBXBuildFile; fileRef = OBJ_50 /* USExtractMetadata.swift */; };
		OBJ_159 /* USExtractResult.swift in Sources */ = {isa = PBXBuildFile; fileRef = OBJ_51 /* USExtractResult.swift */; };
		OBJ_160 /* USExtractSerializer.swift in Sources */ = {isa = PBXBuildFile; fileRef = OBJ_52 /* USExtractSerializer.swift */; };
		OBJ_161 /* USStreetAnalysis.swift in Sources */ = {isa = PBXBuildFile; fileRef = OBJ_54 /* USStreetAnalysis.swift */; };
		OBJ_162 /* USStreetBatch.swift in Sources */ = {isa = PBXBuildFile; fileRef = OBJ_55 /* USStreetBatch.swift */; };
		OBJ_163 /* USStreetCandidate.swift in Sources */ = {isa = PBXBuildFile; fileRef = OBJ_56 /* USStreetCandidate.swift */; };
		OBJ_164 /* USStreetClient.swift in Sources */ = {isa = PBXBuildFile; fileRef = OBJ_57 /* USStreetClient.swift */; };
		OBJ_165 /* USStreetComponents.swift in Sources */ = {isa = PBXBuildFile; fileRef = OBJ_58 /* USStreetComponents.swift */; };
		OBJ_166 /* USStreetLookup.swift in Sources */ = {isa = PBXBuildFile; fileRef = OBJ_59 /* USStreetLookup.swift */; };
		OBJ_167 /* USStreetMetadata.swift in Sources */ = {isa = PBXBuildFile; fileRef = OBJ_60 /* USStreetMetadata.swift */; };
		OBJ_168 /* USStreetSerializer.swift in Sources */ = {isa = PBXBuildFile; fileRef = OBJ_61 /* USStreetSerializer.swift */; };
		OBJ_169 /* USAlternateCounties.swift in Sources */ = {isa = PBXBuildFile; fileRef = OBJ_63 /* USAlternateCounties.swift */; };
		OBJ_170 /* USCity.swift in Sources */ = {isa = PBXBuildFile; fileRef = OBJ_64 /* USCity.swift */; };
		OBJ_171 /* USZipCode.swift in Sources */ = {isa = PBXBuildFile; fileRef = OBJ_65 /* USZipCode.swift */; };
		OBJ_172 /* USZipCodeBatch.swift in Sources */ = {isa = PBXBuildFile; fileRef = OBJ_66 /* USZipCodeBatch.swift */; };
		OBJ_173 /* USZipCodeClient.swift in Sources */ = {isa = PBXBuildFile; fileRef = OBJ_67 /* USZipCodeClient.swift */; };
		OBJ_174 /* USZipCodeLookup.swift in Sources */ = {isa = PBXBuildFile; fileRef = OBJ_68 /* USZipCodeLookup.swift */; };
		OBJ_175 /* USZipCodeResult.swift in Sources */ = {isa = PBXBuildFile; fileRef = OBJ_69 /* USZipCodeResult.swift */; };
		OBJ_176 /* USZipCodeSerializer.swift in Sources */ = {isa = PBXBuildFile; fileRef = OBJ_70 /* USZipCodeSerializer.swift */; };
		OBJ_177 /* Version.swift in Sources */ = {isa = PBXBuildFile; fileRef = OBJ_71 /* Version.swift */; };
		OBJ_184 /* Package.swift in Sources */ = {isa = PBXBuildFile; fileRef = OBJ_6 /* Package.swift */; };
		OBJ_195 /* ClientBuilderTests.swift in Sources */ = {isa = PBXBuildFile; fileRef = OBJ_74 /* ClientBuilderTests.swift */; };
		OBJ_196 /* InternationalStreetCandidateTests.swift in Sources */ = {isa = PBXBuildFile; fileRef = OBJ_76 /* InternationalStreetCandidateTests.swift */; };
		OBJ_197 /* InternationalStreetClientTests.swift in Sources */ = {isa = PBXBuildFile; fileRef = OBJ_77 /* InternationalStreetClientTests.swift */; };
		OBJ_198 /* MockCrashingSender.swift in Sources */ = {isa = PBXBuildFile; fileRef = OBJ_79 /* MockCrashingSender.swift */; };
		OBJ_199 /* MockLogger.swift in Sources */ = {isa = PBXBuildFile; fileRef = OBJ_80 /* MockLogger.swift */; };
		OBJ_200 /* MockSender.swift in Sources */ = {isa = PBXBuildFile; fileRef = OBJ_81 /* MockSender.swift */; };
		OBJ_201 /* MockSerializer.swift in Sources */ = {isa = PBXBuildFile; fileRef = OBJ_82 /* MockSerializer.swift */; };
		OBJ_202 /* MockSleeper.swift in Sources */ = {isa = PBXBuildFile; fileRef = OBJ_83 /* MockSleeper.swift */; };
		OBJ_203 /* MockStatusCodeSender.swift in Sources */ = {isa = PBXBuildFile; fileRef = OBJ_84 /* MockStatusCodeSender.swift */; };
		OBJ_204 /* RequestCapturingSender.swift in Sources */ = {isa = PBXBuildFile; fileRef = OBJ_85 /* RequestCapturingSender.swift */; };
		OBJ_205 /* RetrySenderTests.swift in Sources */ = {isa = PBXBuildFile; fileRef = OBJ_86 /* RetrySenderTests.swift */; };
		OBJ_206 /* SerializerTests.swift in Sources */ = {isa = PBXBuildFile; fileRef = OBJ_87 /* SerializerTests.swift */; };
		OBJ_207 /* SigningSenderTests.swift in Sources */ = {isa = PBXBuildFile; fileRef = OBJ_88 /* SigningSenderTests.swift */; };
		OBJ_208 /* SmartyCredentialsTests.swift in Sources */ = {isa = PBXBuildFile; fileRef = OBJ_89 /* SmartyCredentialsTests.swift */; };
		OBJ_209 /* SmartyRequestTests.swift in Sources */ = {isa = PBXBuildFile; fileRef = OBJ_90 /* SmartyRequestTests.swift */; };
		OBJ_210 /* SmartyResponseTests.swift in Sources */ = {isa = PBXBuildFile; fileRef = OBJ_91 /* SmartyResponseTests.swift */; };
		OBJ_211 /* SmartySenderTests.swift in Sources */ = {isa = PBXBuildFile; fileRef = OBJ_92 /* SmartySenderTests.swift */; };
		OBJ_212 /* StatusCodeSenderTests.swift in Sources */ = {isa = PBXBuildFile; fileRef = OBJ_93 /* StatusCodeSenderTests.swift */; };
		OBJ_213 /* USAutocompleteClientTests.swift in Sources */ = {isa = PBXBuildFile; fileRef = OBJ_95 /* USAutocompleteClientTests.swift */; };
		OBJ_214 /* USAutocompleteResultTests.swift in Sources */ = {isa = PBXBuildFile; fileRef = OBJ_96 /* USAutocompleteResultTests.swift */; };
		OBJ_215 /* USExtractClientTests.swift in Sources */ = {isa = PBXBuildFile; fileRef = OBJ_98 /* USExtractClientTests.swift */; };
		OBJ_216 /* USExtractResultTests.swift in Sources */ = {isa = PBXBuildFile; fileRef = OBJ_99 /* USExtractResultTests.swift */; };
		OBJ_217 /* USStreetCandidateTests.swift in Sources */ = {isa = PBXBuildFile; fileRef = OBJ_101 /* USStreetCandidateTests.swift */; };
		OBJ_218 /* USStreetClientTests.swift in Sources */ = {isa = PBXBuildFile; fileRef = OBJ_102 /* USStreetClientTests.swift */; };
		OBJ_219 /* USZipCodeBatchTests.swift in Sources */ = {isa = PBXBuildFile; fileRef = OBJ_104 /* USZipCodeBatchTests.swift */; };
		OBJ_220 /* USZipCodeClientTests.swift in Sources */ = {isa = PBXBuildFile; fileRef = OBJ_105 /* USZipCodeClientTests.swift */; };
		OBJ_221 /* USZipCodeResultTests.swift in Sources */ = {isa = PBXBuildFile; fileRef = OBJ_106 /* USZipCodeResultTests.swift */; };
		OBJ_222 /* XCTestManifests.swift in Sources */ = {isa = PBXBuildFile; fileRef = OBJ_107 /* XCTestManifests.swift */; };
		OBJ_223 /* smartystreets_ios_sdkTests.swift in Sources */ = {isa = PBXBuildFile; fileRef = OBJ_108 /* smartystreets_ios_sdkTests.swift */; };
/* End PBXBuildFile section */

/* Begin PBXContainerItemProxy section */
		AE9001B222D3A32000D9E703 /* PBXContainerItemProxy */ = {
			isa = PBXContainerItemProxy;
			containerPortal = OBJ_1 /* Project object */;
			proxyType = 1;
			remoteGlobalIDString = "smartystreets-ios-sdk::smartystreets-ios-sdk";
			remoteInfo = "smartystreets-ios-sdk";
		};
		AE9001B322D3A34900D9E703 /* PBXContainerItemProxy */ = {
			isa = PBXContainerItemProxy;
			containerPortal = OBJ_1 /* Project object */;
			proxyType = 1;
			remoteGlobalIDString = "smartystreets-ios-sdk::smartystreets-ios-sdkTests";
			remoteInfo = "smartystreets-ios-sdkTests";
		};
/* End PBXContainerItemProxy section */

/* Begin PBXFileReference section */
		OBJ_101 /* USStreetCandidateTests.swift */ = {isa = PBXFileReference; lastKnownFileType = sourcecode.swift; path = USStreetCandidateTests.swift; sourceTree = "<group>"; };
		OBJ_102 /* USStreetClientTests.swift */ = {isa = PBXFileReference; lastKnownFileType = sourcecode.swift; path = USStreetClientTests.swift; sourceTree = "<group>"; };
		OBJ_104 /* USZipCodeBatchTests.swift */ = {isa = PBXFileReference; lastKnownFileType = sourcecode.swift; path = USZipCodeBatchTests.swift; sourceTree = "<group>"; };
		OBJ_105 /* USZipCodeClientTests.swift */ = {isa = PBXFileReference; lastKnownFileType = sourcecode.swift; path = USZipCodeClientTests.swift; sourceTree = "<group>"; };
		OBJ_106 /* USZipCodeResultTests.swift */ = {isa = PBXFileReference; lastKnownFileType = sourcecode.swift; path = USZipCodeResultTests.swift; sourceTree = "<group>"; };
		OBJ_107 /* XCTestManifests.swift */ = {isa = PBXFileReference; lastKnownFileType = sourcecode.swift; path = XCTestManifests.swift; sourceTree = "<group>"; };
		OBJ_108 /* smartystreets_ios_sdkTests.swift */ = {isa = PBXFileReference; lastKnownFileType = sourcecode.swift; path = smartystreets_ios_sdkTests.swift; sourceTree = "<group>"; };
		OBJ_11 /* ClientBuilder.swift */ = {isa = PBXFileReference; lastKnownFileType = sourcecode.swift; path = ClientBuilder.swift; sourceTree = "<group>"; };
		OBJ_112 /* LICENSE.md */ = {isa = PBXFileReference; lastKnownFileType = net.daringfireball.markdown; path = LICENSE.md; sourceTree = "<group>"; };
		OBJ_113 /* CHANGELOG.md */ = {isa = PBXFileReference; lastKnownFileType = net.daringfireball.markdown; path = CHANGELOG.md; sourceTree = "<group>"; };
		OBJ_114 /* Makefile */ = {isa = PBXFileReference; lastKnownFileType = sourcecode.make; path = Makefile; sourceTree = "<group>"; };
		OBJ_115 /* README.md */ = {isa = PBXFileReference; lastKnownFileType = net.daringfireball.markdown; path = README.md; sourceTree = "<group>"; };
		OBJ_12 /* HttpSender.swift */ = {isa = PBXFileReference; lastKnownFileType = sourcecode.swift; path = HttpSender.swift; sourceTree = "<group>"; };
		OBJ_14 /* InternationalStreetAnalysis.swift */ = {isa = PBXFileReference; lastKnownFileType = sourcecode.swift; path = InternationalStreetAnalysis.swift; sourceTree = "<group>"; };
		OBJ_15 /* InternationalStreetCandidate.swift */ = {isa = PBXFileReference; lastKnownFileType = sourcecode.swift; path = InternationalStreetCandidate.swift; sourceTree = "<group>"; };
		OBJ_16 /* InternationalStreetChanges.swift */ = {isa = PBXFileReference; lastKnownFileType = sourcecode.swift; path = InternationalStreetChanges.swift; sourceTree = "<group>"; };
		OBJ_17 /* InternationalStreetClient.swift */ = {isa = PBXFileReference; lastKnownFileType = sourcecode.swift; path = InternationalStreetClient.swift; sourceTree = "<group>"; };
		OBJ_18 /* InternationalStreetComponents.swift */ = {isa = PBXFileReference; lastKnownFileType = sourcecode.swift; path = InternationalStreetComponents.swift; sourceTree = "<group>"; };
		OBJ_19 /* InternationalStreetLookup.swift */ = {isa = PBXFileReference; lastKnownFileType = sourcecode.swift; path = InternationalStreetLookup.swift; sourceTree = "<group>"; };
		OBJ_20 /* InternationalStreetMetadata.swift */ = {isa = PBXFileReference; lastKnownFileType = sourcecode.swift; path = InternationalStreetMetadata.swift; sourceTree = "<group>"; };
		OBJ_21 /* InternationalStreetRootLevel.swift */ = {isa = PBXFileReference; lastKnownFileType = sourcecode.swift; path = InternationalStreetRootLevel.swift; sourceTree = "<group>"; };
		OBJ_22 /* InternationalStreetSerializer.swift */ = {isa = PBXFileReference; lastKnownFileType = sourcecode.swift; path = InternationalStreetSerializer.swift; sourceTree = "<group>"; };
		OBJ_23 /* LanguageMode.swift */ = {isa = PBXFileReference; lastKnownFileType = sourcecode.swift; path = LanguageMode.swift; sourceTree = "<group>"; };
		OBJ_24 /* RetrySender.swift */ = {isa = PBXFileReference; lastKnownFileType = sourcecode.swift; path = RetrySender.swift; sourceTree = "<group>"; };
		OBJ_25 /* SharedCredentials.swift */ = {isa = PBXFileReference; lastKnownFileType = sourcecode.swift; path = SharedCredentials.swift; sourceTree = "<group>"; };
		OBJ_26 /* SigningSender.swift */ = {isa = PBXFileReference; lastKnownFileType = sourcecode.swift; path = SigningSender.swift; sourceTree = "<group>"; };
		OBJ_27 /* SmartyBatch.swift */ = {isa = PBXFileReference; lastKnownFileType = sourcecode.swift; path = SmartyBatch.swift; sourceTree = "<group>"; };
		OBJ_28 /* SmartyCredentials.swift */ = {isa = PBXFileReference; lastKnownFileType = sourcecode.swift; path = SmartyCredentials.swift; sourceTree = "<group>"; };
		OBJ_29 /* SmartyErrors.swift */ = {isa = PBXFileReference; lastKnownFileType = sourcecode.swift; path = SmartyErrors.swift; sourceTree = "<group>"; };
		OBJ_30 /* SmartyLogger.swift */ = {isa = PBXFileReference; lastKnownFileType = sourcecode.swift; path = SmartyLogger.swift; sourceTree = "<group>"; };
		OBJ_31 /* SmartyRequest.swift */ = {isa = PBXFileReference; lastKnownFileType = sourcecode.swift; path = SmartyRequest.swift; sourceTree = "<group>"; };
		OBJ_32 /* SmartyResponse.swift */ = {isa = PBXFileReference; lastKnownFileType = sourcecode.swift; path = SmartyResponse.swift; sourceTree = "<group>"; };
		OBJ_33 /* SmartySender.swift */ = {isa = PBXFileReference; lastKnownFileType = sourcecode.swift; path = SmartySender.swift; sourceTree = "<group>"; };
		OBJ_34 /* SmartySerializer.swift */ = {isa = PBXFileReference; lastKnownFileType = sourcecode.swift; path = SmartySerializer.swift; sourceTree = "<group>"; };
		OBJ_35 /* SmartySleeper.swift */ = {isa = PBXFileReference; lastKnownFileType = sourcecode.swift; path = SmartySleeper.swift; sourceTree = "<group>"; };
		OBJ_36 /* StaticCredentials.swift */ = {isa = PBXFileReference; lastKnownFileType = sourcecode.swift; path = StaticCredentials.swift; sourceTree = "<group>"; };
		OBJ_37 /* StatusCodeSender.swift */ = {isa = PBXFileReference; lastKnownFileType = sourcecode.swift; path = StatusCodeSender.swift; sourceTree = "<group>"; };
		OBJ_38 /* URLPrefixSender.swift */ = {isa = PBXFileReference; lastKnownFileType = sourcecode.swift; path = URLPrefixSender.swift; sourceTree = "<group>"; };
		OBJ_40 /* GeolocateType.swift */ = {isa = PBXFileReference; lastKnownFileType = sourcecode.swift; path = GeolocateType.swift; sourceTree = "<group>"; };
		OBJ_41 /* USAutocompleteClient.swift */ = {isa = PBXFileReference; lastKnownFileType = sourcecode.swift; path = USAutocompleteClient.swift; sourceTree = "<group>"; };
		OBJ_42 /* USAutocompleteLookup.swift */ = {isa = PBXFileReference; lastKnownFileType = sourcecode.swift; path = USAutocompleteLookup.swift; sourceTree = "<group>"; };
		OBJ_43 /* USAutocompleteResult.swift */ = {isa = PBXFileReference; lastKnownFileType = sourcecode.swift; path = USAutocompleteResult.swift; sourceTree = "<group>"; };
		OBJ_44 /* USAutocompleteSerializer.swift */ = {isa = PBXFileReference; lastKnownFileType = sourcecode.swift; path = USAutocompleteSerializer.swift; sourceTree = "<group>"; };
		OBJ_45 /* USAutocompleteSuggestion.swift */ = {isa = PBXFileReference; lastKnownFileType = sourcecode.swift; path = USAutocompleteSuggestion.swift; sourceTree = "<group>"; };
		OBJ_47 /* USExtractAddress.swift */ = {isa = PBXFileReference; lastKnownFileType = sourcecode.swift; path = USExtractAddress.swift; sourceTree = "<group>"; };
		OBJ_48 /* USExtractClient.swift */ = {isa = PBXFileReference; lastKnownFileType = sourcecode.swift; path = USExtractClient.swift; sourceTree = "<group>"; };
		OBJ_49 /* USExtractLookup.swift */ = {isa = PBXFileReference; lastKnownFileType = sourcecode.swift; path = USExtractLookup.swift; sourceTree = "<group>"; };
		OBJ_50 /* USExtractMetadata.swift */ = {isa = PBXFileReference; lastKnownFileType = sourcecode.swift; path = USExtractMetadata.swift; sourceTree = "<group>"; };
		OBJ_51 /* USExtractResult.swift */ = {isa = PBXFileReference; lastKnownFileType = sourcecode.swift; path = USExtractResult.swift; sourceTree = "<group>"; };
		OBJ_52 /* USExtractSerializer.swift */ = {isa = PBXFileReference; lastKnownFileType = sourcecode.swift; path = USExtractSerializer.swift; sourceTree = "<group>"; };
		OBJ_54 /* USStreetAnalysis.swift */ = {isa = PBXFileReference; lastKnownFileType = sourcecode.swift; path = USStreetAnalysis.swift; sourceTree = "<group>"; };
		OBJ_55 /* USStreetBatch.swift */ = {isa = PBXFileReference; lastKnownFileType = sourcecode.swift; path = USStreetBatch.swift; sourceTree = "<group>"; };
		OBJ_56 /* USStreetCandidate.swift */ = {isa = PBXFileReference; lastKnownFileType = sourcecode.swift; path = USStreetCandidate.swift; sourceTree = "<group>"; };
		OBJ_57 /* USStreetClient.swift */ = {isa = PBXFileReference; lastKnownFileType = sourcecode.swift; path = USStreetClient.swift; sourceTree = "<group>"; };
		OBJ_58 /* USStreetComponents.swift */ = {isa = PBXFileReference; lastKnownFileType = sourcecode.swift; path = USStreetComponents.swift; sourceTree = "<group>"; };
		OBJ_59 /* USStreetLookup.swift */ = {isa = PBXFileReference; lastKnownFileType = sourcecode.swift; path = USStreetLookup.swift; sourceTree = "<group>"; };
		OBJ_6 /* Package.swift */ = {isa = PBXFileReference; explicitFileType = sourcecode.swift; path = Package.swift; sourceTree = "<group>"; };
		OBJ_60 /* USStreetMetadata.swift */ = {isa = PBXFileReference; lastKnownFileType = sourcecode.swift; path = USStreetMetadata.swift; sourceTree = "<group>"; };
		OBJ_61 /* USStreetSerializer.swift */ = {isa = PBXFileReference; lastKnownFileType = sourcecode.swift; path = USStreetSerializer.swift; sourceTree = "<group>"; };
		OBJ_63 /* USAlternateCounties.swift */ = {isa = PBXFileReference; lastKnownFileType = sourcecode.swift; path = USAlternateCounties.swift; sourceTree = "<group>"; };
		OBJ_64 /* USCity.swift */ = {isa = PBXFileReference; lastKnownFileType = sourcecode.swift; path = USCity.swift; sourceTree = "<group>"; };
		OBJ_65 /* USZipCode.swift */ = {isa = PBXFileReference; lastKnownFileType = sourcecode.swift; path = USZipCode.swift; sourceTree = "<group>"; };
		OBJ_66 /* USZipCodeBatch.swift */ = {isa = PBXFileReference; lastKnownFileType = sourcecode.swift; path = USZipCodeBatch.swift; sourceTree = "<group>"; };
		OBJ_67 /* USZipCodeClient.swift */ = {isa = PBXFileReference; lastKnownFileType = sourcecode.swift; path = USZipCodeClient.swift; sourceTree = "<group>"; };
		OBJ_68 /* USZipCodeLookup.swift */ = {isa = PBXFileReference; lastKnownFileType = sourcecode.swift; path = USZipCodeLookup.swift; sourceTree = "<group>"; };
		OBJ_69 /* USZipCodeResult.swift */ = {isa = PBXFileReference; lastKnownFileType = sourcecode.swift; path = USZipCodeResult.swift; sourceTree = "<group>"; };
		OBJ_70 /* USZipCodeSerializer.swift */ = {isa = PBXFileReference; lastKnownFileType = sourcecode.swift; path = USZipCodeSerializer.swift; sourceTree = "<group>"; };
		OBJ_71 /* Version.swift */ = {isa = PBXFileReference; lastKnownFileType = sourcecode.swift; path = Version.swift; sourceTree = "<group>"; };
		OBJ_74 /* ClientBuilderTests.swift */ = {isa = PBXFileReference; lastKnownFileType = sourcecode.swift; path = ClientBuilderTests.swift; sourceTree = "<group>"; };
		OBJ_76 /* InternationalStreetCandidateTests.swift */ = {isa = PBXFileReference; lastKnownFileType = sourcecode.swift; path = InternationalStreetCandidateTests.swift; sourceTree = "<group>"; };
		OBJ_77 /* InternationalStreetClientTests.swift */ = {isa = PBXFileReference; lastKnownFileType = sourcecode.swift; path = InternationalStreetClientTests.swift; sourceTree = "<group>"; };
		OBJ_79 /* MockCrashingSender.swift */ = {isa = PBXFileReference; lastKnownFileType = sourcecode.swift; path = MockCrashingSender.swift; sourceTree = "<group>"; };
		OBJ_80 /* MockLogger.swift */ = {isa = PBXFileReference; lastKnownFileType = sourcecode.swift; path = MockLogger.swift; sourceTree = "<group>"; };
		OBJ_81 /* MockSender.swift */ = {isa = PBXFileReference; lastKnownFileType = sourcecode.swift; path = MockSender.swift; sourceTree = "<group>"; };
		OBJ_82 /* MockSerializer.swift */ = {isa = PBXFileReference; lastKnownFileType = sourcecode.swift; path = MockSerializer.swift; sourceTree = "<group>"; };
		OBJ_83 /* MockSleeper.swift */ = {isa = PBXFileReference; lastKnownFileType = sourcecode.swift; path = MockSleeper.swift; sourceTree = "<group>"; };
		OBJ_84 /* MockStatusCodeSender.swift */ = {isa = PBXFileReference; lastKnownFileType = sourcecode.swift; path = MockStatusCodeSender.swift; sourceTree = "<group>"; };
		OBJ_85 /* RequestCapturingSender.swift */ = {isa = PBXFileReference; lastKnownFileType = sourcecode.swift; path = RequestCapturingSender.swift; sourceTree = "<group>"; };
		OBJ_86 /* RetrySenderTests.swift */ = {isa = PBXFileReference; lastKnownFileType = sourcecode.swift; path = RetrySenderTests.swift; sourceTree = "<group>"; };
		OBJ_87 /* SerializerTests.swift */ = {isa = PBXFileReference; lastKnownFileType = sourcecode.swift; path = SerializerTests.swift; sourceTree = "<group>"; };
		OBJ_88 /* SigningSenderTests.swift */ = {isa = PBXFileReference; lastKnownFileType = sourcecode.swift; path = SigningSenderTests.swift; sourceTree = "<group>"; };
		OBJ_89 /* SmartyCredentialsTests.swift */ = {isa = PBXFileReference; lastKnownFileType = sourcecode.swift; path = SmartyCredentialsTests.swift; sourceTree = "<group>"; };
		OBJ_90 /* SmartyRequestTests.swift */ = {isa = PBXFileReference; lastKnownFileType = sourcecode.swift; path = SmartyRequestTests.swift; sourceTree = "<group>"; };
		OBJ_91 /* SmartyResponseTests.swift */ = {isa = PBXFileReference; lastKnownFileType = sourcecode.swift; path = SmartyResponseTests.swift; sourceTree = "<group>"; };
		OBJ_92 /* SmartySenderTests.swift */ = {isa = PBXFileReference; lastKnownFileType = sourcecode.swift; path = SmartySenderTests.swift; sourceTree = "<group>"; };
		OBJ_93 /* StatusCodeSenderTests.swift */ = {isa = PBXFileReference; lastKnownFileType = sourcecode.swift; path = StatusCodeSenderTests.swift; sourceTree = "<group>"; };
		OBJ_95 /* USAutocompleteClientTests.swift */ = {isa = PBXFileReference; lastKnownFileType = sourcecode.swift; path = USAutocompleteClientTests.swift; sourceTree = "<group>"; };
		OBJ_96 /* USAutocompleteResultTests.swift */ = {isa = PBXFileReference; lastKnownFileType = sourcecode.swift; path = USAutocompleteResultTests.swift; sourceTree = "<group>"; };
		OBJ_98 /* USExtractClientTests.swift */ = {isa = PBXFileReference; lastKnownFileType = sourcecode.swift; path = USExtractClientTests.swift; sourceTree = "<group>"; };
		OBJ_99 /* USExtractResultTests.swift */ = {isa = PBXFileReference; lastKnownFileType = sourcecode.swift; path = USExtractResultTests.swift; sourceTree = "<group>"; };
		"smartystreets-ios-sdk::smartystreets-ios-sdk::Product" /* smartystreets-ios-sdk */ = {isa = PBXFileReference; lastKnownFileType = text; path = "smartystreets-ios-sdk"; sourceTree = BUILT_PRODUCTS_DIR; };
		"smartystreets-ios-sdk::smartystreets-ios-sdkTests::Product" /* smartystreets_ios_sdkTests.xctest */ = {isa = PBXFileReference; lastKnownFileType = file; name = smartystreets_ios_sdkTests.xctest; path = "smartystreets-ios-sdkTests.xctest"; sourceTree = BUILT_PRODUCTS_DIR; };
/* End PBXFileReference section */

/* Begin PBXFrameworksBuildPhase section */
		OBJ_178 /* Frameworks */ = {
			isa = PBXFrameworksBuildPhase;
			buildActionMask = 0;
			files = (
			);
			runOnlyForDeploymentPostprocessing = 0;
		};
		OBJ_224 /* Frameworks */ = {
			isa = PBXFrameworksBuildPhase;
			buildActionMask = 0;
			files = (
			);
			runOnlyForDeploymentPostprocessing = 0;
		};
/* End PBXFrameworksBuildPhase section */

/* Begin PBXGroup section */
		OBJ_10 /* smartystreets-ios-sdk */ = {
			isa = PBXGroup;
			children = (
				OBJ_11 /* ClientBuilder.swift */,
				OBJ_12 /* HttpSender.swift */,
				OBJ_24 /* RetrySender.swift */,
				OBJ_25 /* SharedCredentials.swift */,
				OBJ_26 /* SigningSender.swift */,
				OBJ_27 /* SmartyBatch.swift */,
				OBJ_28 /* SmartyCredentials.swift */,
				OBJ_29 /* SmartyErrors.swift */,
				OBJ_30 /* SmartyLogger.swift */,
				OBJ_31 /* SmartyRequest.swift */,
				OBJ_32 /* SmartyResponse.swift */,
				OBJ_33 /* SmartySender.swift */,
				OBJ_34 /* SmartySerializer.swift */,
				OBJ_35 /* SmartySleeper.swift */,
				OBJ_36 /* StaticCredentials.swift */,
				OBJ_37 /* StatusCodeSender.swift */,
				OBJ_38 /* URLPrefixSender.swift */,
				OBJ_71 /* Version.swift */,
				OBJ_13 /* InternationalStreet */,
				OBJ_39 /* USAutocomplete */,
				OBJ_46 /* USExtract */,
				OBJ_53 /* USStreet */,
				OBJ_62 /* USZipCode */,
			);
			path = "smartystreets-ios-sdk";
			sourceTree = "<group>";
		};
		OBJ_100 /* USStreetTests */ = {
			isa = PBXGroup;
			children = (
				OBJ_101 /* USStreetCandidateTests.swift */,
				OBJ_102 /* USStreetClientTests.swift */,
			);
			path = USStreetTests;
			sourceTree = "<group>";
		};
		OBJ_103 /* USZipCodeTests */ = {
			isa = PBXGroup;
			children = (
				OBJ_104 /* USZipCodeBatchTests.swift */,
				OBJ_105 /* USZipCodeClientTests.swift */,
				OBJ_106 /* USZipCodeResultTests.swift */,
			);
			path = USZipCodeTests;
			sourceTree = "<group>";
		};
		OBJ_109 /* Products */ = {
			isa = PBXGroup;
			children = (
				"smartystreets-ios-sdk::smartystreets-ios-sdk::Product" /* smartystreets-ios-sdk */,
				"smartystreets-ios-sdk::smartystreets-ios-sdkTests::Product" /* smartystreets_ios_sdkTests.xctest */,
			);
			name = Products;
			sourceTree = BUILT_PRODUCTS_DIR;
		};
		OBJ_13 /* InternationalStreet */ = {
			isa = PBXGroup;
			children = (
				OBJ_14 /* InternationalStreetAnalysis.swift */,
				OBJ_15 /* InternationalStreetCandidate.swift */,
				OBJ_16 /* InternationalStreetChanges.swift */,
				OBJ_17 /* InternationalStreetClient.swift */,
				OBJ_18 /* InternationalStreetComponents.swift */,
				OBJ_19 /* InternationalStreetLookup.swift */,
				OBJ_20 /* InternationalStreetMetadata.swift */,
				OBJ_21 /* InternationalStreetRootLevel.swift */,
				OBJ_22 /* InternationalStreetSerializer.swift */,
				OBJ_23 /* LanguageMode.swift */,
			);
			path = InternationalStreet;
			sourceTree = "<group>";
		};
		OBJ_39 /* USAutocomplete */ = {
			isa = PBXGroup;
			children = (
				OBJ_40 /* GeolocateType.swift */,
				OBJ_41 /* USAutocompleteClient.swift */,
				OBJ_42 /* USAutocompleteLookup.swift */,
				OBJ_43 /* USAutocompleteResult.swift */,
				OBJ_44 /* USAutocompleteSerializer.swift */,
				OBJ_45 /* USAutocompleteSuggestion.swift */,
			);
			path = USAutocomplete;
			sourceTree = "<group>";
		};
		OBJ_46 /* USExtract */ = {
			isa = PBXGroup;
			children = (
				OBJ_47 /* USExtractAddress.swift */,
				OBJ_48 /* USExtractClient.swift */,
				OBJ_49 /* USExtractLookup.swift */,
				OBJ_50 /* USExtractMetadata.swift */,
				OBJ_51 /* USExtractResult.swift */,
				OBJ_52 /* USExtractSerializer.swift */,
			);
			path = USExtract;
			sourceTree = "<group>";
		};
		OBJ_5 /*  */ = {
			isa = PBXGroup;
			children = (
				OBJ_6 /* Package.swift */,
				OBJ_7 /* Sources */,
				OBJ_72 /* Tests */,
				OBJ_109 /* Products */,
				OBJ_112 /* LICENSE.md */,
				OBJ_113 /* CHANGELOG.md */,
				OBJ_114 /* Makefile */,
				OBJ_115 /* README.md */,
			);
			name = "";
			sourceTree = "<group>";
		};
		OBJ_53 /* USStreet */ = {
			isa = PBXGroup;
			children = (
				OBJ_54 /* USStreetAnalysis.swift */,
				OBJ_55 /* USStreetBatch.swift */,
				OBJ_56 /* USStreetCandidate.swift */,
				OBJ_57 /* USStreetClient.swift */,
				OBJ_58 /* USStreetComponents.swift */,
				OBJ_59 /* USStreetLookup.swift */,
				OBJ_60 /* USStreetMetadata.swift */,
				OBJ_61 /* USStreetSerializer.swift */,
			);
			path = USStreet;
			sourceTree = "<group>";
		};
		OBJ_62 /* USZipCode */ = {
			isa = PBXGroup;
			children = (
				OBJ_63 /* USAlternateCounties.swift */,
				OBJ_64 /* USCity.swift */,
				OBJ_65 /* USZipCode.swift */,
				OBJ_66 /* USZipCodeBatch.swift */,
				OBJ_67 /* USZipCodeClient.swift */,
				OBJ_68 /* USZipCodeLookup.swift */,
				OBJ_69 /* USZipCodeResult.swift */,
				OBJ_70 /* USZipCodeSerializer.swift */,
			);
			path = USZipCode;
			sourceTree = "<group>";
		};
		OBJ_7 /* Sources */ = {
			isa = PBXGroup;
			children = (
				OBJ_10 /* smartystreets-ios-sdk */,
			);
			path = Sources;
			sourceTree = SOURCE_ROOT;
		};
		OBJ_72 /* Tests */ = {
			isa = PBXGroup;
			children = (
				OBJ_73 /* smartystreets-ios-sdkTests */,
			);
			path = Tests;
			sourceTree = SOURCE_ROOT;
		};
		OBJ_73 /* smartystreets-ios-sdkTests */ = {
			isa = PBXGroup;
			children = (
				OBJ_74 /* ClientBuilderTests.swift */,
				OBJ_75 /* InternationalStreetTests */,
				OBJ_78 /* Mocks */,
				OBJ_86 /* RetrySenderTests.swift */,
				OBJ_87 /* SerializerTests.swift */,
				OBJ_88 /* SigningSenderTests.swift */,
				OBJ_89 /* SmartyCredentialsTests.swift */,
				OBJ_90 /* SmartyRequestTests.swift */,
				OBJ_91 /* SmartyResponseTests.swift */,
				OBJ_92 /* SmartySenderTests.swift */,
				OBJ_93 /* StatusCodeSenderTests.swift */,
				OBJ_94 /* USAutocompleteTests */,
				OBJ_97 /* USExtractTests */,
				OBJ_100 /* USStreetTests */,
				OBJ_103 /* USZipCodeTests */,
				OBJ_107 /* XCTestManifests.swift */,
				OBJ_108 /* smartystreets_ios_sdkTests.swift */,
			);
			path = "smartystreets-ios-sdkTests";
			sourceTree = "<group>";
		};
		OBJ_75 /* InternationalStreetTests */ = {
			isa = PBXGroup;
			children = (
				OBJ_76 /* InternationalStreetCandidateTests.swift */,
				OBJ_77 /* InternationalStreetClientTests.swift */,
			);
			path = InternationalStreetTests;
			sourceTree = "<group>";
		};
		OBJ_78 /* Mocks */ = {
			isa = PBXGroup;
			children = (
				OBJ_79 /* MockCrashingSender.swift */,
				OBJ_80 /* MockLogger.swift */,
				OBJ_81 /* MockSender.swift */,
				OBJ_82 /* MockSerializer.swift */,
				OBJ_83 /* MockSleeper.swift */,
				OBJ_84 /* MockStatusCodeSender.swift */,
				OBJ_85 /* RequestCapturingSender.swift */,
			);
			path = Mocks;
			sourceTree = "<group>";
		};
		OBJ_94 /* USAutocompleteTests */ = {
			isa = PBXGroup;
			children = (
				OBJ_95 /* USAutocompleteClientTests.swift */,
				OBJ_96 /* USAutocompleteResultTests.swift */,
			);
			path = USAutocompleteTests;
			sourceTree = "<group>";
		};
		OBJ_97 /* USExtractTests */ = {
			isa = PBXGroup;
			children = (
				OBJ_98 /* USExtractClientTests.swift */,
				OBJ_99 /* USExtractResultTests.swift */,
			);
			path = USExtractTests;
			sourceTree = "<group>";
		};
/* End PBXGroup section */

/* Begin PBXNativeTarget section */
		"smartystreets-ios-sdk::SwiftPMPackageDescription" /* smartystreets-ios-sdkPackageDescription */ = {
			isa = PBXNativeTarget;
			buildConfigurationList = OBJ_180 /* Build configuration list for PBXNativeTarget "smartystreets-ios-sdkPackageDescription" */;
			buildPhases = (
				OBJ_183 /* Sources */,
			);
			buildRules = (
			);
			dependencies = (
			);
			name = "smartystreets-ios-sdkPackageDescription";
			productName = "smartystreets-ios-sdkPackageDescription";
			productType = "com.apple.product-type.framework";
		};
		"smartystreets-ios-sdk::smartystreets-ios-sdk" /* smartystreets-ios-sdk */ = {
			isa = PBXNativeTarget;
			buildConfigurationList = OBJ_117 /* Build configuration list for PBXNativeTarget "smartystreets-ios-sdk" */;
			buildPhases = (
				OBJ_120 /* Sources */,
				OBJ_178 /* Frameworks */,
			);
			buildRules = (
			);
			dependencies = (
			);
			name = "smartystreets-ios-sdk";
			productName = smartystreets_ios_sdk;
			productReference = "smartystreets-ios-sdk::smartystreets-ios-sdk::Product" /* smartystreets-ios-sdk */;
			productType = "com.apple.product-type.tool";
		};
		"smartystreets-ios-sdk::smartystreets-ios-sdkTests" /* smartystreets-ios-sdkTests */ = {
			isa = PBXNativeTarget;
			buildConfigurationList = OBJ_191 /* Build configuration list for PBXNativeTarget "smartystreets-ios-sdkTests" */;
			buildPhases = (
				OBJ_194 /* Sources */,
				OBJ_224 /* Frameworks */,
			);
			buildRules = (
			);
			dependencies = (
				OBJ_225 /* PBXTargetDependency */,
			);
			name = "smartystreets-ios-sdkTests";
			productName = smartystreets_ios_sdkTests;
			productReference = "smartystreets-ios-sdk::smartystreets-ios-sdkTests::Product" /* smartystreets_ios_sdkTests.xctest */;
			productType = "com.apple.product-type.bundle.unit-test";
		};
/* End PBXNativeTarget section */

/* Begin PBXProject section */
		OBJ_1 /* Project object */ = {
			isa = PBXProject;
			attributes = {
				LastSwiftMigration = 9999;
				LastUpgradeCheck = 9999;
			};
			buildConfigurationList = OBJ_2 /* Build configuration list for PBXProject "smartystreets-ios-sdk" */;
			compatibilityVersion = "Xcode 3.2";
			developmentRegion = English;
			hasScannedForEncodings = 0;
			knownRegions = (
				English,
				en,
			);
			mainGroup = OBJ_5 /*  */;
			productRefGroup = OBJ_109 /* Products */;
			projectDirPath = "";
			projectRoot = "";
			targets = (
				"smartystreets-ios-sdk::smartystreets-ios-sdk" /* smartystreets-ios-sdk */,
				"smartystreets-ios-sdk::SwiftPMPackageDescription" /* smartystreets-ios-sdkPackageDescription */,
				"smartystreets-ios-sdk::smartystreets-ios-sdkPackageTests::ProductTarget" /* smartystreets-ios-sdkPackageTests */,
				"smartystreets-ios-sdk::smartystreets-ios-sdkTests" /* smartystreets-ios-sdkTests */,
			);
		};
/* End PBXProject section */

/* Begin PBXSourcesBuildPhase section */
		OBJ_120 /* Sources */ = {
			isa = PBXSourcesBuildPhase;
			buildActionMask = 0;
			files = (
				OBJ_122 /* ClientBuilder.swift in Sources */,
				OBJ_123 /* HttpSender.swift in Sources */,
				OBJ_124 /* InternationalStreetAnalysis.swift in Sources */,
				OBJ_125 /* InternationalStreetCandidate.swift in Sources */,
				OBJ_126 /* InternationalStreetChanges.swift in Sources */,
				OBJ_127 /* InternationalStreetClient.swift in Sources */,
				OBJ_128 /* InternationalStreetComponents.swift in Sources */,
				OBJ_129 /* InternationalStreetLookup.swift in Sources */,
				OBJ_130 /* InternationalStreetMetadata.swift in Sources */,
				OBJ_131 /* InternationalStreetRootLevel.swift in Sources */,
				OBJ_132 /* InternationalStreetSerializer.swift in Sources */,
				OBJ_133 /* LanguageMode.swift in Sources */,
				OBJ_134 /* RetrySender.swift in Sources */,
				OBJ_135 /* SharedCredentials.swift in Sources */,
				OBJ_136 /* SigningSender.swift in Sources */,
				OBJ_137 /* SmartyBatch.swift in Sources */,
				OBJ_138 /* SmartyCredentials.swift in Sources */,
				OBJ_139 /* SmartyErrors.swift in Sources */,
				OBJ_140 /* SmartyLogger.swift in Sources */,
				OBJ_141 /* SmartyRequest.swift in Sources */,
				OBJ_142 /* SmartyResponse.swift in Sources */,
				OBJ_143 /* SmartySender.swift in Sources */,
				OBJ_144 /* SmartySerializer.swift in Sources */,
				OBJ_145 /* SmartySleeper.swift in Sources */,
				OBJ_146 /* StaticCredentials.swift in Sources */,
				OBJ_147 /* StatusCodeSender.swift in Sources */,
				OBJ_148 /* URLPrefixSender.swift in Sources */,
				OBJ_149 /* GeolocateType.swift in Sources */,
				OBJ_150 /* USAutocompleteClient.swift in Sources */,
				OBJ_151 /* USAutocompleteLookup.swift in Sources */,
				OBJ_152 /* USAutocompleteResult.swift in Sources */,
				OBJ_153 /* USAutocompleteSerializer.swift in Sources */,
				OBJ_154 /* USAutocompleteSuggestion.swift in Sources */,
				OBJ_155 /* USExtractAddress.swift in Sources */,
				OBJ_156 /* USExtractClient.swift in Sources */,
				OBJ_157 /* USExtractLookup.swift in Sources */,
				OBJ_158 /* USExtractMetadata.swift in Sources */,
				OBJ_159 /* USExtractResult.swift in Sources */,
				OBJ_160 /* USExtractSerializer.swift in Sources */,
				OBJ_161 /* USStreetAnalysis.swift in Sources */,
				OBJ_162 /* USStreetBatch.swift in Sources */,
				OBJ_163 /* USStreetCandidate.swift in Sources */,
				OBJ_164 /* USStreetClient.swift in Sources */,
				OBJ_165 /* USStreetComponents.swift in Sources */,
				OBJ_166 /* USStreetLookup.swift in Sources */,
				OBJ_167 /* USStreetMetadata.swift in Sources */,
				OBJ_168 /* USStreetSerializer.swift in Sources */,
				OBJ_169 /* USAlternateCounties.swift in Sources */,
				OBJ_170 /* USCity.swift in Sources */,
				OBJ_171 /* USZipCode.swift in Sources */,
				OBJ_172 /* USZipCodeBatch.swift in Sources */,
				OBJ_173 /* USZipCodeClient.swift in Sources */,
				OBJ_174 /* USZipCodeLookup.swift in Sources */,
				OBJ_175 /* USZipCodeResult.swift in Sources */,
				OBJ_176 /* USZipCodeSerializer.swift in Sources */,
				OBJ_177 /* Version.swift in Sources */,
			);
			runOnlyForDeploymentPostprocessing = 0;
		};
		OBJ_183 /* Sources */ = {
			isa = PBXSourcesBuildPhase;
			buildActionMask = 0;
			files = (
				OBJ_184 /* Package.swift in Sources */,
			);
			runOnlyForDeploymentPostprocessing = 0;
		};
		OBJ_194 /* Sources */ = {
			isa = PBXSourcesBuildPhase;
			buildActionMask = 0;
			files = (
				OBJ_195 /* ClientBuilderTests.swift in Sources */,
				OBJ_196 /* InternationalStreetCandidateTests.swift in Sources */,
				OBJ_197 /* InternationalStreetClientTests.swift in Sources */,
				OBJ_198 /* MockCrashingSender.swift in Sources */,
				OBJ_199 /* MockLogger.swift in Sources */,
				OBJ_200 /* MockSender.swift in Sources */,
				OBJ_201 /* MockSerializer.swift in Sources */,
				OBJ_202 /* MockSleeper.swift in Sources */,
				OBJ_203 /* MockStatusCodeSender.swift in Sources */,
				OBJ_204 /* RequestCapturingSender.swift in Sources */,
				OBJ_205 /* RetrySenderTests.swift in Sources */,
				OBJ_206 /* SerializerTests.swift in Sources */,
				OBJ_207 /* SigningSenderTests.swift in Sources */,
				OBJ_208 /* SmartyCredentialsTests.swift in Sources */,
				OBJ_209 /* SmartyRequestTests.swift in Sources */,
				OBJ_210 /* SmartyResponseTests.swift in Sources */,
				OBJ_211 /* SmartySenderTests.swift in Sources */,
				OBJ_212 /* StatusCodeSenderTests.swift in Sources */,
				OBJ_213 /* USAutocompleteClientTests.swift in Sources */,
				OBJ_214 /* USAutocompleteResultTests.swift in Sources */,
				OBJ_215 /* USExtractClientTests.swift in Sources */,
				OBJ_216 /* USExtractResultTests.swift in Sources */,
				OBJ_217 /* USStreetCandidateTests.swift in Sources */,
				OBJ_218 /* USStreetClientTests.swift in Sources */,
				OBJ_219 /* USZipCodeBatchTests.swift in Sources */,
				OBJ_220 /* USZipCodeClientTests.swift in Sources */,
				OBJ_221 /* USZipCodeResultTests.swift in Sources */,
				OBJ_222 /* XCTestManifests.swift in Sources */,
				OBJ_223 /* smartystreets_ios_sdkTests.swift in Sources */,
			);
			runOnlyForDeploymentPostprocessing = 0;
		};
/* End PBXSourcesBuildPhase section */

/* Begin PBXTargetDependency section */
		OBJ_189 /* PBXTargetDependency */ = {
			isa = PBXTargetDependency;
			target = "smartystreets-ios-sdk::smartystreets-ios-sdkTests" /* smartystreets-ios-sdkTests */;
			targetProxy = AE9001B322D3A34900D9E703 /* PBXContainerItemProxy */;
		};
		OBJ_225 /* PBXTargetDependency */ = {
			isa = PBXTargetDependency;
			target = "smartystreets-ios-sdk::smartystreets-ios-sdk" /* smartystreets-ios-sdk */;
			targetProxy = AE9001B222D3A32000D9E703 /* PBXContainerItemProxy */;
		};
/* End PBXTargetDependency section */

/* Begin XCBuildConfiguration section */
		OBJ_118 /* Debug */ = {
			isa = XCBuildConfiguration;
			buildSettings = {
				FRAMEWORK_SEARCH_PATHS = (
					"$(inherited)",
					"$(PLATFORM_DIR)/Developer/Library/Frameworks",
				);
				HEADER_SEARCH_PATHS = "$(inherited)";
				INFOPLIST_FILE = "smartystreets-ios-sdk.xcodeproj/smartystreets_ios_sdk_Info.plist";
				IPHONEOS_DEPLOYMENT_TARGET = 8.0;
				LD_RUNPATH_SEARCH_PATHS = "$(inherited) $(TOOLCHAIN_DIR)/usr/lib/swift/macosx @executable_path";
				MACOSX_DEPLOYMENT_TARGET = 10.10;
				OTHER_CFLAGS = "$(inherited)";
				OTHER_LDFLAGS = "$(inherited)";
				OTHER_SWIFT_FLAGS = "$(inherited)";
				SWIFT_ACTIVE_COMPILATION_CONDITIONS = "$(inherited)";
				SWIFT_FORCE_DYNAMIC_LINK_STDLIB = YES;
				SWIFT_FORCE_STATIC_LINK_STDLIB = NO;
				SWIFT_VERSION = 5.0;
				TARGET_NAME = "smartystreets-ios-sdk";
				TVOS_DEPLOYMENT_TARGET = 9.0;
				WATCHOS_DEPLOYMENT_TARGET = 2.0;
			};
			name = Debug;
		};
		OBJ_119 /* Release */ = {
			isa = XCBuildConfiguration;
			buildSettings = {
				FRAMEWORK_SEARCH_PATHS = (
					"$(inherited)",
					"$(PLATFORM_DIR)/Developer/Library/Frameworks",
				);
				HEADER_SEARCH_PATHS = "$(inherited)";
				INFOPLIST_FILE = "smartystreets-ios-sdk.xcodeproj/smartystreets_ios_sdk_Info.plist";
				IPHONEOS_DEPLOYMENT_TARGET = 8.0;
				LD_RUNPATH_SEARCH_PATHS = "$(inherited) $(TOOLCHAIN_DIR)/usr/lib/swift/macosx @executable_path";
				MACOSX_DEPLOYMENT_TARGET = 10.10;
				OTHER_CFLAGS = "$(inherited)";
				OTHER_LDFLAGS = "$(inherited)";
				OTHER_SWIFT_FLAGS = "$(inherited)";
				SWIFT_ACTIVE_COMPILATION_CONDITIONS = "$(inherited)";
				SWIFT_FORCE_DYNAMIC_LINK_STDLIB = YES;
				SWIFT_FORCE_STATIC_LINK_STDLIB = NO;
				SWIFT_VERSION = 5.0;
				TARGET_NAME = "smartystreets-ios-sdk";
				TVOS_DEPLOYMENT_TARGET = 9.0;
				WATCHOS_DEPLOYMENT_TARGET = 2.0;
			};
			name = Release;
		};
		OBJ_181 /* Debug */ = {
			isa = XCBuildConfiguration;
			buildSettings = {
				LD = /usr/bin/true;
				OTHER_SWIFT_FLAGS = "-swift-version 5 -I $(TOOLCHAIN_DIR)/usr/lib/swift/pm/4_2 -target x86_64-apple-macosx10.10 -sdk /Applications/Xcode.app/Contents/Developer/Platforms/MacOSX.platform/Developer/SDKs/MacOSX10.14.sdk";
				SWIFT_VERSION = 5.0;
			};
			name = Debug;
		};
		OBJ_182 /* Release */ = {
			isa = XCBuildConfiguration;
			buildSettings = {
				LD = /usr/bin/true;
				OTHER_SWIFT_FLAGS = "-swift-version 5 -I $(TOOLCHAIN_DIR)/usr/lib/swift/pm/4_2 -target x86_64-apple-macosx10.10 -sdk /Applications/Xcode.app/Contents/Developer/Platforms/MacOSX.platform/Developer/SDKs/MacOSX10.14.sdk";
				SWIFT_VERSION = 5.0;
			};
			name = Release;
		};
		OBJ_187 /* Debug */ = {
			isa = XCBuildConfiguration;
			buildSettings = {
			};
			name = Debug;
		};
		OBJ_188 /* Release */ = {
			isa = XCBuildConfiguration;
			buildSettings = {
			};
			name = Release;
		};
		OBJ_192 /* Debug */ = {
			isa = XCBuildConfiguration;
			buildSettings = {
				CLANG_ENABLE_MODULES = YES;
				EMBEDDED_CONTENT_CONTAINS_SWIFT = YES;
				FRAMEWORK_SEARCH_PATHS = (
					"$(inherited)",
					"$(PLATFORM_DIR)/Developer/Library/Frameworks",
				);
				HEADER_SEARCH_PATHS = "$(inherited)";
				INFOPLIST_FILE = "smartystreets-ios-sdk.xcodeproj/smartystreets_ios_sdkTests_Info.plist";
				IPHONEOS_DEPLOYMENT_TARGET = 8.0;
				LD_RUNPATH_SEARCH_PATHS = "$(inherited) @loader_path/../Frameworks @loader_path/Frameworks";
				MACOSX_DEPLOYMENT_TARGET = 10.10;
				OTHER_CFLAGS = "$(inherited)";
				OTHER_LDFLAGS = "$(inherited)";
				OTHER_SWIFT_FLAGS = "$(inherited)";
				SWIFT_ACTIVE_COMPILATION_CONDITIONS = "$(inherited)";
				SWIFT_VERSION = 5.0;
				TARGET_NAME = "smartystreets-ios-sdkTests";
				TVOS_DEPLOYMENT_TARGET = 9.0;
				WATCHOS_DEPLOYMENT_TARGET = 2.0;
			};
			name = Debug;
		};
		OBJ_193 /* Release */ = {
			isa = XCBuildConfiguration;
			buildSettings = {
				CLANG_ENABLE_MODULES = YES;
				EMBEDDED_CONTENT_CONTAINS_SWIFT = YES;
				FRAMEWORK_SEARCH_PATHS = (
					"$(inherited)",
					"$(PLATFORM_DIR)/Developer/Library/Frameworks",
				);
				HEADER_SEARCH_PATHS = "$(inherited)";
				INFOPLIST_FILE = "smartystreets-ios-sdk.xcodeproj/smartystreets_ios_sdkTests_Info.plist";
				IPHONEOS_DEPLOYMENT_TARGET = 8.0;
				LD_RUNPATH_SEARCH_PATHS = "$(inherited) @loader_path/../Frameworks @loader_path/Frameworks";
				MACOSX_DEPLOYMENT_TARGET = 10.10;
				OTHER_CFLAGS = "$(inherited)";
				OTHER_LDFLAGS = "$(inherited)";
				OTHER_SWIFT_FLAGS = "$(inherited)";
				SWIFT_ACTIVE_COMPILATION_CONDITIONS = "$(inherited)";
				SWIFT_VERSION = 5.0;
				TARGET_NAME = "smartystreets-ios-sdkTests";
				TVOS_DEPLOYMENT_TARGET = 9.0;
				WATCHOS_DEPLOYMENT_TARGET = 2.0;
			};
			name = Release;
		};
		OBJ_3 /* Debug */ = {
			isa = XCBuildConfiguration;
			buildSettings = {
				CLANG_ENABLE_OBJC_ARC = YES;
				COMBINE_HIDPI_IMAGES = YES;
				COPY_PHASE_STRIP = NO;
				DEBUG_INFORMATION_FORMAT = dwarf;
				DYLIB_INSTALL_NAME_BASE = "@rpath";
				ENABLE_NS_ASSERTIONS = YES;
				GCC_OPTIMIZATION_LEVEL = 0;
				GCC_PREPROCESSOR_DEFINITIONS = (
					"$(inherited)",
					"SWIFT_PACKAGE=1",
					"DEBUG=1",
				);
				MACOSX_DEPLOYMENT_TARGET = 10.10;
				ONLY_ACTIVE_ARCH = YES;
				OTHER_SWIFT_FLAGS = "-DXcode";
				PRODUCT_NAME = "$(TARGET_NAME)";
				SDKROOT = macosx;
				SUPPORTED_PLATFORMS = "macosx iphoneos iphonesimulator appletvos appletvsimulator watchos watchsimulator";
				SWIFT_ACTIVE_COMPILATION_CONDITIONS = "$(inherited) SWIFT_PACKAGE DEBUG";
				SWIFT_OPTIMIZATION_LEVEL = "-Onone";
				USE_HEADERMAP = NO;
			};
			name = Debug;
		};
		OBJ_4 /* Release */ = {
			isa = XCBuildConfiguration;
			buildSettings = {
				CLANG_ENABLE_OBJC_ARC = YES;
				COMBINE_HIDPI_IMAGES = YES;
				COPY_PHASE_STRIP = YES;
				DEBUG_INFORMATION_FORMAT = "dwarf-with-dsym";
				DYLIB_INSTALL_NAME_BASE = "@rpath";
				GCC_OPTIMIZATION_LEVEL = s;
				GCC_PREPROCESSOR_DEFINITIONS = (
					"$(inherited)",
					"SWIFT_PACKAGE=1",
				);
				MACOSX_DEPLOYMENT_TARGET = 10.10;
				OTHER_SWIFT_FLAGS = "-DXcode";
				PRODUCT_NAME = "$(TARGET_NAME)";
				SDKROOT = macosx;
				SUPPORTED_PLATFORMS = "macosx iphoneos iphonesimulator appletvos appletvsimulator watchos watchsimulator";
				SWIFT_ACTIVE_COMPILATION_CONDITIONS = "$(inherited) SWIFT_PACKAGE";
				SWIFT_OPTIMIZATION_LEVEL = "-Owholemodule";
				USE_HEADERMAP = NO;
			};
			name = Release;
		};
/* End XCBuildConfiguration section */

/* Begin XCConfigurationList section */
		OBJ_117 /* Build configuration list for PBXNativeTarget "smartystreets-ios-sdk" */ = {
			isa = XCConfigurationList;
			buildConfigurations = (
				OBJ_118 /* Debug */,
				OBJ_119 /* Release */,
			);
			defaultConfigurationIsVisible = 0;
			defaultConfigurationName = Release;
		};
		OBJ_180 /* Build configuration list for PBXNativeTarget "smartystreets-ios-sdkPackageDescription" */ = {
			isa = XCConfigurationList;
			buildConfigurations = (
				OBJ_181 /* Debug */,
				OBJ_182 /* Release */,
			);
			defaultConfigurationIsVisible = 0;
			defaultConfigurationName = Release;
		};
		OBJ_186 /* Build configuration list for PBXAggregateTarget "smartystreets-ios-sdkPackageTests" */ = {
			isa = XCConfigurationList;
			buildConfigurations = (
				OBJ_187 /* Debug */,
				OBJ_188 /* Release */,
			);
			defaultConfigurationIsVisible = 0;
			defaultConfigurationName = Release;
		};
		OBJ_191 /* Build configuration list for PBXNativeTarget "smartystreets-ios-sdkTests" */ = {
			isa = XCConfigurationList;
			buildConfigurations = (
				OBJ_192 /* Debug */,
				OBJ_193 /* Release */,
			);
			defaultConfigurationIsVisible = 0;
			defaultConfigurationName = Release;
		};
		OBJ_2 /* Build configuration list for PBXProject "smartystreets-ios-sdk" */ = {
			isa = XCConfigurationList;
			buildConfigurations = (
				OBJ_3 /* Debug */,
				OBJ_4 /* Release */,
			);
			defaultConfigurationIsVisible = 0;
			defaultConfigurationName = Release;
		};
/* End XCConfigurationList section */
	};
	rootObject = OBJ_1 /* Project object */;
}
