// !$*UTF8*$!
{
	archiveVersion = 1;
	classes = {
	};
	objectVersion = 46;
	objects = {

/* Begin PBXBuildFile section */
		AE2E3D111EEF378200C42721 /* SmartystreetsSDK.framework in Frameworks */ = {isa = PBXBuildFile; fileRef = AE2E3D101EEF378200C42721 /* SmartystreetsSDK.framework */; };
		AE2E3D141EEF380600C42721 /* ApiIntegrationTests.m in Sources */ = {isa = PBXBuildFile; fileRef = AE2E3D131EEF380600C42721 /* ApiIntegrationTests.m */; };
		AE9EE3711EEF3659007DF5AF /* main.m in Sources */ = {isa = PBXBuildFile; fileRef = AE9EE3701EEF3659007DF5AF /* main.m */; };
/* End PBXBuildFile section */

/* Begin PBXCopyFilesBuildPhase section */
		AEAE6D731ECB7682005BDDDD /* CopyFiles */ = {
			isa = PBXCopyFilesBuildPhase;
			buildActionMask = 2147483647;
			dstPath = /usr/share/man/man1/;
			dstSubfolderSpec = 0;
			files = (
			);
			runOnlyForDeploymentPostprocessing = 1;
		};
/* End PBXCopyFilesBuildPhase section */

/* Begin PBXFileReference section */
		AE2E3D101EEF378200C42721 /* SmartystreetsSDK.framework */ = {isa = PBXFileReference; lastKnownFileType = wrapper.framework; name = SmartystreetsSDK.framework; path = "../../../../../Library/Developer/Xcode/DerivedData/SmartystreetsSDK-desxmyjjqbhasfhheoqpkyjxbfew/Build/Products/Debug/SmartystreetsSDK.framework"; sourceTree = "<group>"; };
		AE2E3D121EEF380600C42721 /* ApiIntegrationTests.h */ = {isa = PBXFileReference; fileEncoding = 4; lastKnownFileType = sourcecode.c.h; name = ApiIntegrationTests.h; path = Integration_Tests/ApiIntegrationTests.h; sourceTree = SOURCE_ROOT; };
		AE2E3D131EEF380600C42721 /* ApiIntegrationTests.m */ = {isa = PBXFileReference; fileEncoding = 4; lastKnownFileType = sourcecode.c.objc; name = ApiIntegrationTests.m; path = Integration_Tests/ApiIntegrationTests.m; sourceTree = SOURCE_ROOT; };
		AE9EE3701EEF3659007DF5AF /* main.m */ = {isa = PBXFileReference; fileEncoding = 4; lastKnownFileType = sourcecode.c.objc; name = main.m; path = Integration_Tests/main.m; sourceTree = SOURCE_ROOT; };
		AEAE6D751ECB7682005BDDDD /* Integration_Tests */ = {isa = PBXFileReference; explicitFileType = "compiled.mach-o.executable"; includeInIndex = 0; path = Integration_Tests; sourceTree = BUILT_PRODUCTS_DIR; };
/* End PBXFileReference section */

/* Begin PBXFrameworksBuildPhase section */
		AEAE6D721ECB7682005BDDDD /* Frameworks */ = {
			isa = PBXFrameworksBuildPhase;
			buildActionMask = 2147483647;
			files = (
				AE2E3D111EEF378200C42721 /* SmartystreetsSDK.framework in Frameworks */,
			);
			runOnlyForDeploymentPostprocessing = 0;
		};
/* End PBXFrameworksBuildPhase section */

/* Begin PBXGroup section */
		AE2E3D0F1EEF378200C42721 /* Frameworks */ = {
			isa = PBXGroup;
			children = (
				AE2E3D101EEF378200C42721 /* SmartystreetsSDK.framework */,
			);
			name = Frameworks;
			sourceTree = "<group>";
		};
		AEAE6D6C1ECB7682005BDDDD = {
			isa = PBXGroup;
			children = (
				AEAE6D771ECB7682005BDDDD /* Integration_Tests */,
				AEAE6D761ECB7682005BDDDD /* Products */,
				AE2E3D0F1EEF378200C42721 /* Frameworks */,
			);
			sourceTree = "<group>";
		};
		AEAE6D761ECB7682005BDDDD /* Products */ = {
			isa = PBXGroup;
			children = (
				AEAE6D751ECB7682005BDDDD /* Integration_Tests */,
			);
			name = Products;
			sourceTree = "<group>";
		};
		AEAE6D771ECB7682005BDDDD /* Integration_Tests */ = {
			isa = PBXGroup;
			children = (
				AE9EE3701EEF3659007DF5AF /* main.m */,
				AE2E3D121EEF380600C42721 /* ApiIntegrationTests.h */,
				AE2E3D131EEF380600C42721 /* ApiIntegrationTests.m */,
			);
			name = Integration_Tests;
			path = macOS_ObjC_Example_With_Cocoapods;
			sourceTree = "<group>";
		};
/* End PBXGroup section */

/* Begin PBXNativeTarget section */
		AEAE6D741ECB7682005BDDDD /* Integration_Tests */ = {
			isa = PBXNativeTarget;
			buildConfigurationList = AEAE6D7C1ECB7683005BDDDD /* Build configuration list for PBXNativeTarget "Integration_Tests" */;
			buildPhases = (
				AEAE6D711ECB7682005BDDDD /* Sources */,
				AEAE6D721ECB7682005BDDDD /* Frameworks */,
				AEAE6D731ECB7682005BDDDD /* CopyFiles */,
			);
			buildRules = (
			);
			dependencies = (
			);
			name = Integration_Tests;
			productName = macOS_ObjC_Example_With_Cocoapods;
			productReference = AEAE6D751ECB7682005BDDDD /* Integration_Tests */;
			productType = "com.apple.product-type.tool";
		};
/* End PBXNativeTarget section */

/* Begin PBXProject section */
		AEAE6D6D1ECB7682005BDDDD /* Project object */ = {
			isa = PBXProject;
			attributes = {
				LastUpgradeCheck = 1010;
				ORGANIZATIONNAME = SmartyStreets;
				TargetAttributes = {
					AEAE6D741ECB7682005BDDDD = {
						CreatedOnToolsVersion = 8.3.2;
						ProvisioningStyle = Automatic;
					};
				};
			};
			buildConfigurationList = AEAE6D701ECB7682005BDDDD /* Build configuration list for PBXProject "Integration_Tests" */;
			compatibilityVersion = "Xcode 3.2";
			developmentRegion = English;
			hasScannedForEncodings = 0;
			knownRegions = (
				en,
			);
			mainGroup = AEAE6D6C1ECB7682005BDDDD;
			productRefGroup = AEAE6D761ECB7682005BDDDD /* Products */;
			projectDirPath = "";
			projectRoot = "";
			targets = (
				AEAE6D741ECB7682005BDDDD /* Integration_Tests */,
			);
		};
/* End PBXProject section */

/* Begin PBXSourcesBuildPhase section */
		AEAE6D711ECB7682005BDDDD /* Sources */ = {
			isa = PBXSourcesBuildPhase;
			buildActionMask = 2147483647;
			files = (
				AE9EE3711EEF3659007DF5AF /* main.m in Sources */,
				AE2E3D141EEF380600C42721 /* ApiIntegrationTests.m in Sources */,
			);
			runOnlyForDeploymentPostprocessing = 0;
		};
/* End PBXSourcesBuildPhase section */

/* Begin XCBuildConfiguration section */
		AEAE6D7A1ECB7683005BDDDD /* Debug */ = {
			isa = XCBuildConfiguration;
			buildSettings = {
				ALWAYS_SEARCH_USER_PATHS = NO;
				CLANG_ANALYZER_NONNULL = YES;
				CLANG_ANALYZER_NUMBER_OBJECT_CONVERSION = YES_AGGRESSIVE;
				CLANG_CXX_LANGUAGE_STANDARD = "gnu++0x";
				CLANG_CXX_LIBRARY = "libc++";
				CLANG_ENABLE_MODULES = YES;
				CLANG_ENABLE_OBJC_ARC = YES;
				CLANG_WARN_BLOCK_CAPTURE_AUTORELEASING = YES;
				CLANG_WARN_BOOL_CONVERSION = YES;
				CLANG_WARN_COMMA = YES;
				CLANG_WARN_CONSTANT_CONVERSION = YES;
				CLANG_WARN_DEPRECATED_OBJC_IMPLEMENTATIONS = YES;
				CLANG_WARN_DIRECT_OBJC_ISA_USAGE = YES_ERROR;
				CLANG_WARN_DOCUMENTATION_COMMENTS = YES;
				CLANG_WARN_EMPTY_BODY = YES;
				CLANG_WARN_ENUM_CONVERSION = YES;
				CLANG_WARN_INFINITE_RECURSION = YES;
				CLANG_WARN_INT_CONVERSION = YES;
				CLANG_WARN_NON_LITERAL_NULL_CONVERSION = YES;
				CLANG_WARN_OBJC_IMPLICIT_RETAIN_SELF = YES;
				CLANG_WARN_OBJC_LITERAL_CONVERSION = YES;
				CLANG_WARN_OBJC_ROOT_CLASS = YES_ERROR;
				CLANG_WARN_RANGE_LOOP_ANALYSIS = YES;
				CLANG_WARN_STRICT_PROTOTYPES = YES;
				CLANG_WARN_SUSPICIOUS_MOVE = YES;
				CLANG_WARN_UNREACHABLE_CODE = YES;
				CLANG_WARN__DUPLICATE_METHOD_MATCH = YES;
				CODE_SIGN_IDENTITY = "-";
				COPY_PHASE_STRIP = NO;
				DEBUG_INFORMATION_FORMAT = dwarf;
				ENABLE_STRICT_OBJC_MSGSEND = YES;
				ENABLE_TESTABILITY = YES;
				GCC_C_LANGUAGE_STANDARD = gnu99;
				GCC_DYNAMIC_NO_PIC = NO;
				GCC_NO_COMMON_BLOCKS = YES;
				GCC_OPTIMIZATION_LEVEL = 0;
				GCC_PREPROCESSOR_DEFINITIONS = (
					"DEBUG=1",
					"$(inherited)",
				);
				GCC_WARN_64_TO_32_BIT_CONVERSION = YES;
				GCC_WARN_ABOUT_RETURN_TYPE = YES_ERROR;
				GCC_WARN_UNDECLARED_SELECTOR = YES;
				GCC_WARN_UNINITIALIZED_AUTOS = YES_AGGRESSIVE;
				GCC_WARN_UNUSED_FUNCTION = YES;
				GCC_WARN_UNUSED_VARIABLE = YES;
				MACOSX_DEPLOYMENT_TARGET = 10.12;
				MTL_ENABLE_DEBUG_INFO = YES;
				ONLY_ACTIVE_ARCH = YES;
				SDKROOT = macosx;
			};
			name = Debug;
		};
		AEAE6D7B1ECB7683005BDDDD /* Release */ = {
			isa = XCBuildConfiguration;
			buildSettings = {
				ALWAYS_SEARCH_USER_PATHS = NO;
				CLANG_ANALYZER_NONNULL = YES;
				CLANG_ANALYZER_NUMBER_OBJECT_CONVERSION = YES_AGGRESSIVE;
				CLANG_CXX_LANGUAGE_STANDARD = "gnu++0x";
				CLANG_CXX_LIBRARY = "libc++";
				CLANG_ENABLE_MODULES = YES;
				CLANG_ENABLE_OBJC_ARC = YES;
				CLANG_WARN_BLOCK_CAPTURE_AUTORELEASING = YES;
				CLANG_WARN_BOOL_CONVERSION = YES;
				CLANG_WARN_COMMA = YES;
				CLANG_WARN_CONSTANT_CONVERSION = YES;
				CLANG_WARN_DEPRECATED_OBJC_IMPLEMENTATIONS = YES;
				CLANG_WARN_DIRECT_OBJC_ISA_USAGE = YES_ERROR;
				CLANG_WARN_DOCUMENTATION_COMMENTS = YES;
				CLANG_WARN_EMPTY_BODY = YES;
				CLANG_WARN_ENUM_CONVERSION = YES;
				CLANG_WARN_INFINITE_RECURSION = YES;
				CLANG_WARN_INT_CONVERSION = YES;
				CLANG_WARN_NON_LITERAL_NULL_CONVERSION = YES;
				CLANG_WARN_OBJC_IMPLICIT_RETAIN_SELF = YES;
				CLANG_WARN_OBJC_LITERAL_CONVERSION = YES;
				CLANG_WARN_OBJC_ROOT_CLASS = YES_ERROR;
				CLANG_WARN_RANGE_LOOP_ANALYSIS = YES;
				CLANG_WARN_STRICT_PROTOTYPES = YES;
				CLANG_WARN_SUSPICIOUS_MOVE = YES;
				CLANG_WARN_UNREACHABLE_CODE = YES;
				CLANG_WARN__DUPLICATE_METHOD_MATCH = YES;
				CODE_SIGN_IDENTITY = "-";
				COPY_PHASE_STRIP = NO;
				DEBUG_INFORMATION_FORMAT = "dwarf-with-dsym";
				ENABLE_NS_ASSERTIONS = NO;
				ENABLE_STRICT_OBJC_MSGSEND = YES;
				GCC_C_LANGUAGE_STANDARD = gnu99;
				GCC_NO_COMMON_BLOCKS = YES;
				GCC_WARN_64_TO_32_BIT_CONVERSION = YES;
				GCC_WARN_ABOUT_RETURN_TYPE = YES_ERROR;
				GCC_WARN_UNDECLARED_SELECTOR = YES;
				GCC_WARN_UNINITIALIZED_AUTOS = YES_AGGRESSIVE;
				GCC_WARN_UNUSED_FUNCTION = YES;
				GCC_WARN_UNUSED_VARIABLE = YES;
				MACOSX_DEPLOYMENT_TARGET = 10.12;
				MTL_ENABLE_DEBUG_INFO = NO;
				SDKROOT = macosx;
			};
			name = Release;
		};
		AEAE6D7D1ECB7683005BDDDD /* Debug */ = {
			isa = XCBuildConfiguration;
			buildSettings = {
				PRODUCT_NAME = "$(TARGET_NAME)";
			};
			name = Debug;
		};
		AEAE6D7E1ECB7683005BDDDD /* Release */ = {
			isa = XCBuildConfiguration;
			buildSettings = {
				PRODUCT_NAME = "$(TARGET_NAME)";
			};
			name = Release;
		};
/* End XCBuildConfiguration section */

/* Begin XCConfigurationList section */
		AEAE6D701ECB7682005BDDDD /* Build configuration list for PBXProject "Integration_Tests" */ = {
			isa = XCConfigurationList;
			buildConfigurations = (
				AEAE6D7A1ECB7683005BDDDD /* Debug */,
				AEAE6D7B1ECB7683005BDDDD /* Release */,
			);
			defaultConfigurationIsVisible = 0;
			defaultConfigurationName = Release;
		};
		AEAE6D7C1ECB7683005BDDDD /* Build configuration list for PBXNativeTarget "Integration_Tests" */ = {
			isa = XCConfigurationList;
			buildConfigurations = (
				AEAE6D7D1ECB7683005BDDDD /* Debug */,
				AEAE6D7E1ECB7683005BDDDD /* Release */,
			);
			defaultConfigurationIsVisible = 0;
			defaultConfigurationName = Release;
		};
/* End XCConfigurationList section */
	};
	rootObject = AEAE6D6D1ECB7682005BDDDD /* Project object */;
}
