// !$*UTF8*$!
{
	archiveVersion = 1;
	classes = {
	};
	objectVersion = 46;
	objects = {

/* Begin PBXBuildFile section */
		AE0587A51DE4B566000A6079 /* MyCredentials.swift in Sources */ = {isa = PBXBuildFile; fileRef = AE0587A41DE4B566000A6079 /* MyCredentials.swift */; };
		AE429CFC1E0B4887004DA6C3 /* SmartystreetsSDK.framework in Frameworks */ = {isa = PBXBuildFile; fileRef = AE429CFA1E0B4881004DA6C3 /* SmartystreetsSDK.framework */; };
		AE429CFD1E0B4887004DA6C3 /* SmartystreetsSDK.framework in Embed Frameworks */ = {isa = PBXBuildFile; fileRef = AE429CFA1E0B4881004DA6C3 /* SmartystreetsSDK.framework */; settings = {ATTRIBUTES = (CodeSignOnCopy, RemoveHeadersOnCopy, ); }; };
		AE54787A1DDA3FD4005DEB61 /* AppDelegate.swift in Sources */ = {isa = PBXBuildFile; fileRef = AE5478791DDA3FD4005DEB61 /* AppDelegate.swift */; };
		AE54787C1DDA3FD4005DEB61 /* ViewController.swift in Sources */ = {isa = PBXBuildFile; fileRef = AE54787B1DDA3FD4005DEB61 /* ViewController.swift */; };
		AE54787F1DDA3FD4005DEB61 /* Main.storyboard in Resources */ = {isa = PBXBuildFile; fileRef = AE54787D1DDA3FD4005DEB61 /* Main.storyboard */; };
		AE5478811DDA3FD4005DEB61 /* Assets.xcassets in Resources */ = {isa = PBXBuildFile; fileRef = AE5478801DDA3FD4005DEB61 /* Assets.xcassets */; };
		AE5478841DDA3FD4005DEB61 /* LaunchScreen.storyboard in Resources */ = {isa = PBXBuildFile; fileRef = AE5478821DDA3FD4005DEB61 /* LaunchScreen.storyboard */; };
		AE5478921DDA5CEA005DEB61 /* USZipCodeSingleLookupExample.swift in Sources */ = {isa = PBXBuildFile; fileRef = AE5478911DDA5CEA005DEB61 /* USZipCodeSingleLookupExample.swift */; };
		AE824C781DE4FBF9004F684E /* USZipCodeMultipleLookupsExample.swift in Sources */ = {isa = PBXBuildFile; fileRef = AE824C771DE4FBF9004F684E /* USZipCodeMultipleLookupsExample.swift */; };
		AE824C7A1DE5135E004F684E /* USStreetSingleAddressExample.swift in Sources */ = {isa = PBXBuildFile; fileRef = AE824C791DE5135E004F684E /* USStreetSingleAddressExample.swift */; };
		AE8B346D1DE60D0900FFE97A /* USStreetMultipleLookupsExample.swift in Sources */ = {isa = PBXBuildFile; fileRef = AE8B346C1DE60D0900FFE97A /* USStreetMultipleLookupsExample.swift */; };
		AE8B346F1DE6435800FFE97A /* USStreetLookupsWithMatchStrategyExamples.swift in Sources */ = {isa = PBXBuildFile; fileRef = AE8B346E1DE6435800FFE97A /* USStreetLookupsWithMatchStrategyExamples.swift */; };
		AEA472781EA847CD007FA510 /* USAutocompleteExample.swift in Sources */ = {isa = PBXBuildFile; fileRef = AEA472771EA847CD007FA510 /* USAutocompleteExample.swift */; };
		AEB7E5511EA9814F00360D84 /* USExtractExample.swift in Sources */ = {isa = PBXBuildFile; fileRef = AEB7E5501EA9814F00360D84 /* USExtractExample.swift */; };
		AED368E61EA047E0008045B5 /* InternationalStreetExample.swift in Sources */ = {isa = PBXBuildFile; fileRef = AED368E51EA047E0008045B5 /* InternationalStreetExample.swift */; };
/* End PBXBuildFile section */

/* Begin PBXCopyFilesBuildPhase section */
		AE238A861DECC1B300C1447D /* Embed Frameworks */ = {
			isa = PBXCopyFilesBuildPhase;
			buildActionMask = 2147483647;
			dstPath = "";
			dstSubfolderSpec = 10;
			files = (
				AE429CFD1E0B4887004DA6C3 /* SmartystreetsSDK.framework in Embed Frameworks */,
			);
			name = "Embed Frameworks";
			runOnlyForDeploymentPostprocessing = 0;
		};
/* End PBXCopyFilesBuildPhase section */

/* Begin PBXFileReference section */
		AE01B7571DE126C700363A59 /* Swift_Examples-Bridging-Header.h */ = {isa = PBXFileReference; lastKnownFileType = sourcecode.c.h; path = "Swift_Examples-Bridging-Header.h"; sourceTree = "<group>"; };
		AE0587A41DE4B566000A6079 /* MyCredentials.swift */ = {isa = PBXFileReference; fileEncoding = 4; lastKnownFileType = sourcecode.swift; path = MyCredentials.swift; sourceTree = "<group>"; };
		AE429CFA1E0B4881004DA6C3 /* SmartystreetsSDK.framework */ = {isa = PBXFileReference; lastKnownFileType = wrapper.framework; name = SmartystreetsSDK.framework; path = "../../../../../../Library/Developer/Xcode/DerivedData/SmartystreetsSDK-desxmyjjqbhasfhheoqpkyjxbfew/Build/Products/Debug-iphonesimulator/SmartystreetsSDK.framework"; sourceTree = "<group>"; };
		AE5478761DDA3FD4005DEB61 /* Swift_Examples.app */ = {isa = PBXFileReference; explicitFileType = wrapper.application; includeInIndex = 0; path = Swift_Examples.app; sourceTree = BUILT_PRODUCTS_DIR; };
		AE5478791DDA3FD4005DEB61 /* AppDelegate.swift */ = {isa = PBXFileReference; lastKnownFileType = sourcecode.swift; path = AppDelegate.swift; sourceTree = "<group>"; };
		AE54787B1DDA3FD4005DEB61 /* ViewController.swift */ = {isa = PBXFileReference; lastKnownFileType = sourcecode.swift; path = ViewController.swift; sourceTree = "<group>"; };
		AE54787E1DDA3FD4005DEB61 /* Base */ = {isa = PBXFileReference; lastKnownFileType = file.storyboard; name = Base; path = Base.lproj/Main.storyboard; sourceTree = "<group>"; };
		AE5478801DDA3FD4005DEB61 /* Assets.xcassets */ = {isa = PBXFileReference; lastKnownFileType = folder.assetcatalog; path = Assets.xcassets; sourceTree = "<group>"; };
		AE5478831DDA3FD4005DEB61 /* Base */ = {isa = PBXFileReference; lastKnownFileType = file.storyboard; name = Base; path = Base.lproj/LaunchScreen.storyboard; sourceTree = "<group>"; };
		AE5478851DDA3FD4005DEB61 /* Info.plist */ = {isa = PBXFileReference; lastKnownFileType = text.plist.xml; path = Info.plist; sourceTree = "<group>"; };
		AE5478911DDA5CEA005DEB61 /* USZipCodeSingleLookupExample.swift */ = {isa = PBXFileReference; fileEncoding = 4; lastKnownFileType = sourcecode.swift; path = USZipCodeSingleLookupExample.swift; sourceTree = "<group>"; };
		AE824C771DE4FBF9004F684E /* USZipCodeMultipleLookupsExample.swift */ = {isa = PBXFileReference; fileEncoding = 4; lastKnownFileType = sourcecode.swift; path = USZipCodeMultipleLookupsExample.swift; sourceTree = "<group>"; };
		AE824C791DE5135E004F684E /* USStreetSingleAddressExample.swift */ = {isa = PBXFileReference; fileEncoding = 4; lastKnownFileType = sourcecode.swift; path = USStreetSingleAddressExample.swift; sourceTree = "<group>"; };
		AE8B346C1DE60D0900FFE97A /* USStreetMultipleLookupsExample.swift */ = {isa = PBXFileReference; fileEncoding = 4; lastKnownFileType = sourcecode.swift; path = USStreetMultipleLookupsExample.swift; sourceTree = "<group>"; };
		AE8B346E1DE6435800FFE97A /* USStreetLookupsWithMatchStrategyExamples.swift */ = {isa = PBXFileReference; fileEncoding = 4; lastKnownFileType = sourcecode.swift; path = USStreetLookupsWithMatchStrategyExamples.swift; sourceTree = "<group>"; };
		AEA472771EA847CD007FA510 /* USAutocompleteExample.swift */ = {isa = PBXFileReference; fileEncoding = 4; lastKnownFileType = sourcecode.swift; path = USAutocompleteExample.swift; sourceTree = "<group>"; };
		AEB7E5501EA9814F00360D84 /* USExtractExample.swift */ = {isa = PBXFileReference; fileEncoding = 4; lastKnownFileType = sourcecode.swift; path = USExtractExample.swift; sourceTree = "<group>"; };
		AED368E51EA047E0008045B5 /* InternationalStreetExample.swift */ = {isa = PBXFileReference; fileEncoding = 4; lastKnownFileType = sourcecode.swift; path = InternationalStreetExample.swift; sourceTree = "<group>"; };
/* End PBXFileReference section */

/* Begin PBXFrameworksBuildPhase section */
		AE5478731DDA3FD4005DEB61 /* Frameworks */ = {
			isa = PBXFrameworksBuildPhase;
			buildActionMask = 2147483647;
			files = (
				AE429CFC1E0B4887004DA6C3 /* SmartystreetsSDK.framework in Frameworks */,
			);
			runOnlyForDeploymentPostprocessing = 0;
		};
/* End PBXFrameworksBuildPhase section */

/* Begin PBXGroup section */
		AE238A811DECC1A900C1447D /* Frameworks */ = {
			isa = PBXGroup;
			children = (
				AE429CFA1E0B4881004DA6C3 /* SmartystreetsSDK.framework */,
			);
			name = Frameworks;
			sourceTree = "<group>";
		};
		AE54786D1DDA3FD4005DEB61 = {
			isa = PBXGroup;
			children = (
				AE238A811DECC1A900C1447D /* Frameworks */,
				AE5478771DDA3FD4005DEB61 /* Products */,
				AE5478781DDA3FD4005DEB61 /* Sources */,
			);
			sourceTree = "<group>";
		};
		AE5478771DDA3FD4005DEB61 /* Products */ = {
			isa = PBXGroup;
			children = (
				AE5478761DDA3FD4005DEB61 /* Swift_Examples.app */,
			);
			name = Products;
			sourceTree = "<group>";
		};
		AE5478781DDA3FD4005DEB61 /* Sources */ = {
			isa = PBXGroup;
			children = (
				AE5478791DDA3FD4005DEB61 /* AppDelegate.swift */,
				AE5478801DDA3FD4005DEB61 /* Assets.xcassets */,
				AE01B7571DE126C700363A59 /* Swift_Examples-Bridging-Header.h */,
				AE5478851DDA3FD4005DEB61 /* Info.plist */,
				AE5478821DDA3FD4005DEB61 /* LaunchScreen.storyboard */,
				AE54787D1DDA3FD4005DEB61 /* Main.storyboard */,
				AE0587A41DE4B566000A6079 /* MyCredentials.swift */,
				AE824C791DE5135E004F684E /* USStreetSingleAddressExample.swift */,
				AE8B346C1DE60D0900FFE97A /* USStreetMultipleLookupsExample.swift */,
				AE8B346E1DE6435800FFE97A /* USStreetLookupsWithMatchStrategyExamples.swift */,
				AE5478911DDA5CEA005DEB61 /* USZipCodeSingleLookupExample.swift */,
				AE824C771DE4FBF9004F684E /* USZipCodeMultipleLookupsExample.swift */,
				AED368E51EA047E0008045B5 /* InternationalStreetExample.swift */,
				AEA472771EA847CD007FA510 /* USAutocompleteExample.swift */,
				AEB7E5501EA9814F00360D84 /* USExtractExample.swift */,
				AE54787B1DDA3FD4005DEB61 /* ViewController.swift */,
			);
			path = Sources;
			sourceTree = "<group>";
		};
/* End PBXGroup section */

/* Begin PBXNativeTarget section */
		AE5478751DDA3FD4005DEB61 /* Swift_Examples */ = {
			isa = PBXNativeTarget;
			buildConfigurationList = AE5478881DDA3FD4005DEB61 /* Build configuration list for PBXNativeTarget "Swift_Examples" */;
			buildPhases = (
				AE5478721DDA3FD4005DEB61 /* Sources */,
				AE5478731DDA3FD4005DEB61 /* Frameworks */,
				AE5478741DDA3FD4005DEB61 /* Resources */,
				AE238A861DECC1B300C1447D /* Embed Frameworks */,
			);
			buildRules = (
			);
			dependencies = (
			);
			name = Swift_Examples;
			productName = Examples_Swift;
			productReference = AE5478761DDA3FD4005DEB61 /* Swift_Examples.app */;
			productType = "com.apple.product-type.application";
		};
/* End PBXNativeTarget section */

/* Begin PBXProject section */
		AE54786E1DDA3FD4005DEB61 /* Project object */ = {
			isa = PBXProject;
			attributes = {
				LastSwiftUpdateCheck = 0730;
				LastUpgradeCheck = 1010;
				ORGANIZATIONNAME = SmartyStreets;
				TargetAttributes = {
					AE5478751DDA3FD4005DEB61 = {
						CreatedOnToolsVersion = 7.3.1;
						DevelopmentTeam = 4JBS3S8L5B;
						LastSwiftMigration = 0810;
					};
				};
			};
			buildConfigurationList = AE5478711DDA3FD4005DEB61 /* Build configuration list for PBXProject "Swift_Examples" */;
			compatibilityVersion = "Xcode 3.2";
			developmentRegion = English;
			hasScannedForEncodings = 0;
			knownRegions = (
				en,
				Base,
			);
			mainGroup = AE54786D1DDA3FD4005DEB61;
			productRefGroup = AE5478771DDA3FD4005DEB61 /* Products */;
			projectDirPath = "";
			projectRoot = "";
			targets = (
				AE5478751DDA3FD4005DEB61 /* Swift_Examples */,
			);
		};
/* End PBXProject section */

/* Begin PBXResourcesBuildPhase section */
		AE5478741DDA3FD4005DEB61 /* Resources */ = {
			isa = PBXResourcesBuildPhase;
			buildActionMask = 2147483647;
			files = (
				AE5478841DDA3FD4005DEB61 /* LaunchScreen.storyboard in Resources */,
				AE5478811DDA3FD4005DEB61 /* Assets.xcassets in Resources */,
				AE54787F1DDA3FD4005DEB61 /* Main.storyboard in Resources */,
			);
			runOnlyForDeploymentPostprocessing = 0;
		};
/* End PBXResourcesBuildPhase section */

/* Begin PBXSourcesBuildPhase section */
		AE5478721DDA3FD4005DEB61 /* Sources */ = {
			isa = PBXSourcesBuildPhase;
			buildActionMask = 2147483647;
			files = (
				AEB7E5511EA9814F00360D84 /* USExtractExample.swift in Sources */,
				AE8B346F1DE6435800FFE97A /* USStreetLookupsWithMatchStrategyExamples.swift in Sources */,
				AE54787C1DDA3FD4005DEB61 /* ViewController.swift in Sources */,
				AE54787A1DDA3FD4005DEB61 /* AppDelegate.swift in Sources */,
				AE824C7A1DE5135E004F684E /* USStreetSingleAddressExample.swift in Sources */,
				AEA472781EA847CD007FA510 /* USAutocompleteExample.swift in Sources */,
				AED368E61EA047E0008045B5 /* InternationalStreetExample.swift in Sources */,
				AE0587A51DE4B566000A6079 /* MyCredentials.swift in Sources */,
				AE8B346D1DE60D0900FFE97A /* USStreetMultipleLookupsExample.swift in Sources */,
				AE824C781DE4FBF9004F684E /* USZipCodeMultipleLookupsExample.swift in Sources */,
				AE5478921DDA5CEA005DEB61 /* USZipCodeSingleLookupExample.swift in Sources */,
			);
			runOnlyForDeploymentPostprocessing = 0;
		};
/* End PBXSourcesBuildPhase section */

/* Begin PBXVariantGroup section */
		AE54787D1DDA3FD4005DEB61 /* Main.storyboard */ = {
			isa = PBXVariantGroup;
			children = (
				AE54787E1DDA3FD4005DEB61 /* Base */,
			);
			name = Main.storyboard;
			path = .;
			sourceTree = "<group>";
		};
		AE5478821DDA3FD4005DEB61 /* LaunchScreen.storyboard */ = {
			isa = PBXVariantGroup;
			children = (
				AE5478831DDA3FD4005DEB61 /* Base */,
			);
			name = LaunchScreen.storyboard;
			path = .;
			sourceTree = "<group>";
		};
/* End PBXVariantGroup section */

/* Begin XCBuildConfiguration section */
		AE5478861DDA3FD4005DEB61 /* Debug */ = {
			isa = XCBuildConfiguration;
			buildSettings = {
				ALWAYS_SEARCH_USER_PATHS = NO;
				CLANG_ANALYZER_NONNULL = YES;
				CLANG_CXX_LANGUAGE_STANDARD = "gnu++0x";
				CLANG_CXX_LIBRARY = "libc++";
				CLANG_ENABLE_MODULES = YES;
				CLANG_ENABLE_OBJC_ARC = YES;
				CLANG_WARN_BLOCK_CAPTURE_AUTORELEASING = YES;
				CLANG_WARN_BOOL_CONVERSION = YES;
				CLANG_WARN_COMMA = YES;
				CLANG_WARN_CONSTANT_CONVERSION = YES;
				CLANG_WARN_DEPRECATED_OBJC_IMPLEMENTATIONS = YES;
				CLANG_WARN_DIRECT_OBJC_ISA_USAGE = YES_ERROR;
				CLANG_WARN_EMPTY_BODY = YES;
				CLANG_WARN_ENUM_CONVERSION = YES;
				CLANG_WARN_INFINITE_RECURSION = YES;
				CLANG_WARN_INT_CONVERSION = YES;
				CLANG_WARN_NON_LITERAL_NULL_CONVERSION = YES;
				CLANG_WARN_OBJC_IMPLICIT_RETAIN_SELF = YES;
				CLANG_WARN_OBJC_LITERAL_CONVERSION = YES;
				CLANG_WARN_OBJC_ROOT_CLASS = YES_ERROR;
				CLANG_WARN_RANGE_LOOP_ANALYSIS = YES;
				CLANG_WARN_STRICT_PROTOTYPES = YES;
				CLANG_WARN_SUSPICIOUS_MOVE = YES;
				CLANG_WARN_UNREACHABLE_CODE = YES;
				CLANG_WARN__DUPLICATE_METHOD_MATCH = YES;
				"CODE_SIGN_IDENTITY[sdk=iphoneos*]" = "iPhone Developer";
				COPY_PHASE_STRIP = NO;
				DEBUG_INFORMATION_FORMAT = dwarf;
				ENABLE_STRICT_OBJC_MSGSEND = YES;
				ENABLE_TESTABILITY = YES;
				GCC_C_LANGUAGE_STANDARD = gnu99;
				GCC_DYNAMIC_NO_PIC = NO;
				GCC_NO_COMMON_BLOCKS = YES;
				GCC_OPTIMIZATION_LEVEL = 0;
				GCC_PREPROCESSOR_DEFINITIONS = (
					"DEBUG=1",
					"$(inherited)",
				);
				GCC_WARN_64_TO_32_BIT_CONVERSION = YES;
				GCC_WARN_ABOUT_RETURN_TYPE = YES_ERROR;
				GCC_WARN_UNDECLARED_SELECTOR = YES;
				GCC_WARN_UNINITIALIZED_AUTOS = YES_AGGRESSIVE;
				GCC_WARN_UNUSED_FUNCTION = YES;
				GCC_WARN_UNUSED_VARIABLE = YES;
				IPHONEOS_DEPLOYMENT_TARGET = 10.1;
				MTL_ENABLE_DEBUG_INFO = YES;
				ONLY_ACTIVE_ARCH = YES;
				SDKROOT = iphoneos;
				SWIFT_OPTIMIZATION_LEVEL = "-Onone";
				TARGETED_DEVICE_FAMILY = "1,2";
			};
			name = Debug;
		};
		AE5478871DDA3FD4005DEB61 /* Release */ = {
			isa = XCBuildConfiguration;
			buildSettings = {
				ALWAYS_SEARCH_USER_PATHS = NO;
				CLANG_ANALYZER_NONNULL = YES;
				CLANG_CXX_LANGUAGE_STANDARD = "gnu++0x";
				CLANG_CXX_LIBRARY = "libc++";
				CLANG_ENABLE_MODULES = YES;
				CLANG_ENABLE_OBJC_ARC = YES;
				CLANG_WARN_BLOCK_CAPTURE_AUTORELEASING = YES;
				CLANG_WARN_BOOL_CONVERSION = YES;
				CLANG_WARN_COMMA = YES;
				CLANG_WARN_CONSTANT_CONVERSION = YES;
				CLANG_WARN_DEPRECATED_OBJC_IMPLEMENTATIONS = YES;
				CLANG_WARN_DIRECT_OBJC_ISA_USAGE = YES_ERROR;
				CLANG_WARN_EMPTY_BODY = YES;
				CLANG_WARN_ENUM_CONVERSION = YES;
				CLANG_WARN_INFINITE_RECURSION = YES;
				CLANG_WARN_INT_CONVERSION = YES;
				CLANG_WARN_NON_LITERAL_NULL_CONVERSION = YES;
				CLANG_WARN_OBJC_IMPLICIT_RETAIN_SELF = YES;
				CLANG_WARN_OBJC_LITERAL_CONVERSION = YES;
				CLANG_WARN_OBJC_ROOT_CLASS = YES_ERROR;
				CLANG_WARN_RANGE_LOOP_ANALYSIS = YES;
				CLANG_WARN_STRICT_PROTOTYPES = YES;
				CLANG_WARN_SUSPICIOUS_MOVE = YES;
				CLANG_WARN_UNREACHABLE_CODE = YES;
				CLANG_WARN__DUPLICATE_METHOD_MATCH = YES;
				"CODE_SIGN_IDENTITY[sdk=iphoneos*]" = "iPhone Developer";
				COPY_PHASE_STRIP = NO;
				DEBUG_INFORMATION_FORMAT = "dwarf-with-dsym";
				ENABLE_NS_ASSERTIONS = NO;
				ENABLE_STRICT_OBJC_MSGSEND = YES;
				GCC_C_LANGUAGE_STANDARD = gnu99;
				GCC_NO_COMMON_BLOCKS = YES;
				GCC_WARN_64_TO_32_BIT_CONVERSION = YES;
				GCC_WARN_ABOUT_RETURN_TYPE = YES_ERROR;
				GCC_WARN_UNDECLARED_SELECTOR = YES;
				GCC_WARN_UNINITIALIZED_AUTOS = YES_AGGRESSIVE;
				GCC_WARN_UNUSED_FUNCTION = YES;
				GCC_WARN_UNUSED_VARIABLE = YES;
				IPHONEOS_DEPLOYMENT_TARGET = 10.1;
				MTL_ENABLE_DEBUG_INFO = NO;
				SDKROOT = iphoneos;
				SWIFT_OPTIMIZATION_LEVEL = "-Owholemodule";
				TARGETED_DEVICE_FAMILY = "1,2";
				VALIDATE_PRODUCT = YES;
			};
			name = Release;
		};
		AE5478891DDA3FD4005DEB61 /* Debug */ = {
			isa = XCBuildConfiguration;
			buildSettings = {
				ASSETCATALOG_COMPILER_APPICON_NAME = AppIcon;
				CLANG_ENABLE_MODULES = YES;
				DEFINES_MODULE = YES;
				DEVELOPMENT_TEAM = 4JBS3S8L5B;
				FRAMEWORK_SEARCH_PATHS = "$(PROJECT_DIR)";
				INFOPLIST_FILE = Sources/Info.plist;
				IPHONEOS_DEPLOYMENT_TARGET = 9.3;
				LD_RUNPATH_SEARCH_PATHS = "$(inherited) @executable_path/Frameworks";
				PRODUCT_BUNDLE_IDENTIFIER = "com.smartystreets.api.Swift-Examples";
				PRODUCT_NAME = "$(TARGET_NAME)";
				SWIFT_OBJC_BRIDGING_HEADER = "Sources/Swift_Examples-Bridging-Header.h";
				SWIFT_OPTIMIZATION_LEVEL = "-Onone";
				SWIFT_VERSION = 3.0;
			};
			name = Debug;
		};
		AE54788A1DDA3FD4005DEB61 /* Release */ = {
			isa = XCBuildConfiguration;
			buildSettings = {
				ASSETCATALOG_COMPILER_APPICON_NAME = AppIcon;
				CLANG_ENABLE_MODULES = YES;
				DEFINES_MODULE = YES;
				DEVELOPMENT_TEAM = 4JBS3S8L5B;
				FRAMEWORK_SEARCH_PATHS = "$(PROJECT_DIR)";
				INFOPLIST_FILE = Sources/Info.plist;
				IPHONEOS_DEPLOYMENT_TARGET = 9.3;
				LD_RUNPATH_SEARCH_PATHS = "$(inherited) @executable_path/Frameworks";
				PRODUCT_BUNDLE_IDENTIFIER = "com.smartystreets.api.Swift-Examples";
				PRODUCT_NAME = "$(TARGET_NAME)";
				SWIFT_OBJC_BRIDGING_HEADER = "Sources/Swift_Examples-Bridging-Header.h";
				SWIFT_VERSION = 3.0;
			};
			name = Release;
		};
/* End XCBuildConfiguration section */

/* Begin XCConfigurationList section */
		AE5478711DDA3FD4005DEB61 /* Build configuration list for PBXProject "Swift_Examples" */ = {
			isa = XCConfigurationList;
			buildConfigurations = (
				AE5478861DDA3FD4005DEB61 /* Debug */,
				AE5478871DDA3FD4005DEB61 /* Release */,
			);
			defaultConfigurationIsVisible = 0;
			defaultConfigurationName = Release;
		};
		AE5478881DDA3FD4005DEB61 /* Build configuration list for PBXNativeTarget "Swift_Examples" */ = {
			isa = XCConfigurationList;
			buildConfigurations = (
				AE5478891DDA3FD4005DEB61 /* Debug */,
				AE54788A1DDA3FD4005DEB61 /* Release */,
			);
			defaultConfigurationIsVisible = 0;
			defaultConfigurationName = Release;
		};
/* End XCConfigurationList section */
	};
	rootObject = AE54786E1DDA3FD4005DEB61 /* Project object */;
}
