// !$*UTF8*$!
{
	archiveVersion = 1;
	classes = {
	};
	objectVersion = 46;
	objects = {

/* Begin PBXBuildFile section */
		AE01B75F1DE129E700363A59 /* TestClass.m in Sources */ = {isa = PBXBuildFile; fileRef = AE01B75E1DE129E700363A59 /* TestClass.m */; };
		AE54787A1DDA3FD4005DEB61 /* AppDelegate.swift in Sources */ = {isa = PBXBuildFile; fileRef = AE5478791DDA3FD4005DEB61 /* AppDelegate.swift */; };
		AE54787C1DDA3FD4005DEB61 /* ViewController.swift in Sources */ = {isa = PBXBuildFile; fileRef = AE54787B1DDA3FD4005DEB61 /* ViewController.swift */; };
		AE54787F1DDA3FD4005DEB61 /* Main.storyboard in Resources */ = {isa = PBXBuildFile; fileRef = AE54787D1DDA3FD4005DEB61 /* Main.storyboard */; };
		AE5478811DDA3FD4005DEB61 /* Assets.xcassets in Resources */ = {isa = PBXBuildFile; fileRef = AE5478801DDA3FD4005DEB61 /* Assets.xcassets */; };
		AE5478841DDA3FD4005DEB61 /* LaunchScreen.storyboard in Resources */ = {isa = PBXBuildFile; fileRef = AE5478821DDA3FD4005DEB61 /* LaunchScreen.storyboard */; };
		AE5478921DDA5CEA005DEB61 /* SSZipCodeSingleLookupExample.swift in Sources */ = {isa = PBXBuildFile; fileRef = AE5478911DDA5CEA005DEB61 /* SSZipCodeSingleLookupExample.swift */; };
		AEF138EE1DE12FB100E851AE /* Smartystreets_iOS_SDK.framework in Frameworks */ = {isa = PBXBuildFile; fileRef = AEF138ED1DE12FB100E851AE /* Smartystreets_iOS_SDK.framework */; };
/* End PBXBuildFile section */

/* Begin PBXFileReference section */
		AE01B7571DE126C700363A59 /* Examples_Swift-Bridging-Header.h */ = {isa = PBXFileReference; lastKnownFileType = sourcecode.c.h; path = "Examples_Swift-Bridging-Header.h"; sourceTree = SOURCE_ROOT; };
		AE01B75D1DE129E700363A59 /* TestClass.h */ = {isa = PBXFileReference; fileEncoding = 4; lastKnownFileType = sourcecode.c.h; path = TestClass.h; sourceTree = "<group>"; };
		AE01B75E1DE129E700363A59 /* TestClass.m */ = {isa = PBXFileReference; fileEncoding = 4; lastKnownFileType = sourcecode.c.objc; path = TestClass.m; sourceTree = "<group>"; };
		AE5478761DDA3FD4005DEB61 /* Examples_Swift.app */ = {isa = PBXFileReference; explicitFileType = wrapper.application; includeInIndex = 0; path = Examples_Swift.app; sourceTree = BUILT_PRODUCTS_DIR; };
		AE5478791DDA3FD4005DEB61 /* AppDelegate.swift */ = {isa = PBXFileReference; lastKnownFileType = sourcecode.swift; path = AppDelegate.swift; sourceTree = "<group>"; };
		AE54787B1DDA3FD4005DEB61 /* ViewController.swift */ = {isa = PBXFileReference; lastKnownFileType = sourcecode.swift; path = ViewController.swift; sourceTree = "<group>"; };
		AE54787E1DDA3FD4005DEB61 /* Base */ = {isa = PBXFileReference; lastKnownFileType = file.storyboard; name = Base; path = Base.lproj/Main.storyboard; sourceTree = "<group>"; };
		AE5478801DDA3FD4005DEB61 /* Assets.xcassets */ = {isa = PBXFileReference; lastKnownFileType = folder.assetcatalog; path = Assets.xcassets; sourceTree = "<group>"; };
		AE5478831DDA3FD4005DEB61 /* Base */ = {isa = PBXFileReference; lastKnownFileType = file.storyboard; name = Base; path = Base.lproj/LaunchScreen.storyboard; sourceTree = "<group>"; };
		AE5478851DDA3FD4005DEB61 /* Info.plist */ = {isa = PBXFileReference; lastKnownFileType = text.plist.xml; path = Info.plist; sourceTree = "<group>"; };
		AE5478911DDA5CEA005DEB61 /* SSZipCodeSingleLookupExample.swift */ = {isa = PBXFileReference; fileEncoding = 4; lastKnownFileType = sourcecode.swift; path = SSZipCodeSingleLookupExample.swift; sourceTree = "<group>"; };
		AEF138ED1DE12FB100E851AE /* Smartystreets_iOS_SDK.framework */ = {isa = PBXFileReference; lastKnownFileType = wrapper.framework; name = Smartystreets_iOS_SDK.framework; path = "../../../../../Library/Developer/Xcode/DerivedData/Smartystreets_iOS_SDK-hgqhnhhppaibdnfgaptgxhhngupi/Build/Products/Debug-iphonesimulator/Smartystreets_iOS_SDK.framework"; sourceTree = "<group>"; };
/* End PBXFileReference section */

/* Begin PBXFrameworksBuildPhase section */
		AE5478731DDA3FD4005DEB61 /* Frameworks */ = {
			isa = PBXFrameworksBuildPhase;
			buildActionMask = 2147483647;
			files = (
				AEF138EE1DE12FB100E851AE /* Smartystreets_iOS_SDK.framework in Frameworks */,
			);
			runOnlyForDeploymentPostprocessing = 0;
		};
/* End PBXFrameworksBuildPhase section */

/* Begin PBXGroup section */
		AE54786D1DDA3FD4005DEB61 = {
			isa = PBXGroup;
			children = (
				AEF138ED1DE12FB100E851AE /* Smartystreets_iOS_SDK.framework */,
				AE5478781DDA3FD4005DEB61 /* Examples_Swift */,
				AE5478771DDA3FD4005DEB61 /* Products */,
			);
			sourceTree = "<group>";
		};
		AE5478771DDA3FD4005DEB61 /* Products */ = {
			isa = PBXGroup;
			children = (
				AE5478761DDA3FD4005DEB61 /* Examples_Swift.app */,
			);
			name = Products;
			sourceTree = "<group>";
		};
		AE5478781DDA3FD4005DEB61 /* Examples_Swift */ = {
			isa = PBXGroup;
			children = (
				AE5478911DDA5CEA005DEB61 /* SSZipCodeSingleLookupExample.swift */,
				AE5478791DDA3FD4005DEB61 /* AppDelegate.swift */,
				AE54787B1DDA3FD4005DEB61 /* ViewController.swift */,
				AE54787D1DDA3FD4005DEB61 /* Main.storyboard */,
				AE01B7571DE126C700363A59 /* Examples_Swift-Bridging-Header.h */,
				AE5478801DDA3FD4005DEB61 /* Assets.xcassets */,
				AE5478821DDA3FD4005DEB61 /* LaunchScreen.storyboard */,
				AE5478851DDA3FD4005DEB61 /* Info.plist */,
				AE01B75D1DE129E700363A59 /* TestClass.h */,
				AE01B75E1DE129E700363A59 /* TestClass.m */,
			);
			path = Examples_Swift;
			sourceTree = "<group>";
		};
/* End PBXGroup section */

/* Begin PBXNativeTarget section */
		AE5478751DDA3FD4005DEB61 /* Examples_Swift */ = {
			isa = PBXNativeTarget;
			buildConfigurationList = AE5478881DDA3FD4005DEB61 /* Build configuration list for PBXNativeTarget "Examples_Swift" */;
			buildPhases = (
				AE5478721DDA3FD4005DEB61 /* Sources */,
				AE5478731DDA3FD4005DEB61 /* Frameworks */,
				AE5478741DDA3FD4005DEB61 /* Resources */,
			);
			buildRules = (
			);
			dependencies = (
			);
			name = Examples_Swift;
			productName = Examples_Swift;
			productReference = AE5478761DDA3FD4005DEB61 /* Examples_Swift.app */;
			productType = "com.apple.product-type.application";
		};
/* End PBXNativeTarget section */

/* Begin PBXProject section */
		AE54786E1DDA3FD4005DEB61 /* Project object */ = {
			isa = PBXProject;
			attributes = {
				LastSwiftUpdateCheck = 0730;
				LastUpgradeCheck = 0730;
				ORGANIZATIONNAME = SmartyStreets;
				TargetAttributes = {
					AE5478751DDA3FD4005DEB61 = {
						CreatedOnToolsVersion = 7.3.1;
						LastSwiftMigration = 0810;
					};
				};
			};
			buildConfigurationList = AE5478711DDA3FD4005DEB61 /* Build configuration list for PBXProject "Examples_Swift" */;
			compatibilityVersion = "Xcode 3.2";
			developmentRegion = English;
			hasScannedForEncodings = 0;
			knownRegions = (
				en,
				Base,
			);
			mainGroup = AE54786D1DDA3FD4005DEB61;
			productRefGroup = AE5478771DDA3FD4005DEB61 /* Products */;
			projectDirPath = "";
			projectRoot = "";
			targets = (
				AE5478751DDA3FD4005DEB61 /* Examples_Swift */,
			);
		};
/* End PBXProject section */

/* Begin PBXResourcesBuildPhase section */
		AE5478741DDA3FD4005DEB61 /* Resources */ = {
			isa = PBXResourcesBuildPhase;
			buildActionMask = 2147483647;
			files = (
				AE5478841DDA3FD4005DEB61 /* LaunchScreen.storyboard in Resources */,
				AE5478811DDA3FD4005DEB61 /* Assets.xcassets in Resources */,
				AE54787F1DDA3FD4005DEB61 /* Main.storyboard in Resources */,
			);
			runOnlyForDeploymentPostprocessing = 0;
		};
/* End PBXResourcesBuildPhase section */

/* Begin PBXSourcesBuildPhase section */
		AE5478721DDA3FD4005DEB61 /* Sources */ = {
			isa = PBXSourcesBuildPhase;
			buildActionMask = 2147483647;
			files = (
				AE01B75F1DE129E700363A59 /* TestClass.m in Sources */,
				AE54787C1DDA3FD4005DEB61 /* ViewController.swift in Sources */,
				AE54787A1DDA3FD4005DEB61 /* AppDelegate.swift in Sources */,
				AE5478921DDA5CEA005DEB61 /* SSZipCodeSingleLookupExample.swift in Sources */,
			);
			runOnlyForDeploymentPostprocessing = 0;
		};
/* End PBXSourcesBuildPhase section */

/* Begin PBXVariantGroup section */
		AE54787D1DDA3FD4005DEB61 /* Main.storyboard */ = {
			isa = PBXVariantGroup;
			children = (
				AE54787E1DDA3FD4005DEB61 /* Base */,
			);
			name = Main.storyboard;
			sourceTree = "<group>";
		};
		AE5478821DDA3FD4005DEB61 /* LaunchScreen.storyboard */ = {
			isa = PBXVariantGroup;
			children = (
				AE5478831DDA3FD4005DEB61 /* Base */,
			);
			name = LaunchScreen.storyboard;
			sourceTree = "<group>";
		};
/* End PBXVariantGroup section */

/* Begin XCBuildConfiguration section */
		AE5478861DDA3FD4005DEB61 /* Debug */ = {
			isa = XCBuildConfiguration;
			buildSettings = {
				ALWAYS_SEARCH_USER_PATHS = NO;
				CLANG_ANALYZER_NONNULL = YES;
				CLANG_CXX_LANGUAGE_STANDARD = "gnu++0x";
				CLANG_CXX_LIBRARY = "libc++";
				CLANG_ENABLE_MODULES = YES;
				CLANG_ENABLE_OBJC_ARC = YES;
				CLANG_WARN_BOOL_CONVERSION = YES;
				CLANG_WARN_CONSTANT_CONVERSION = YES;
				CLANG_WARN_DIRECT_OBJC_ISA_USAGE = YES_ERROR;
				CLANG_WARN_EMPTY_BODY = YES;
				CLANG_WARN_ENUM_CONVERSION = YES;
				CLANG_WARN_INT_CONVERSION = YES;
				CLANG_WARN_OBJC_ROOT_CLASS = YES_ERROR;
				CLANG_WARN_UNREACHABLE_CODE = YES;
				CLANG_WARN__DUPLICATE_METHOD_MATCH = YES;
				"CODE_SIGN_IDENTITY[sdk=iphoneos*]" = "iPhone Developer";
				COPY_PHASE_STRIP = NO;
				DEBUG_INFORMATION_FORMAT = dwarf;
				ENABLE_STRICT_OBJC_MSGSEND = YES;
				ENABLE_TESTABILITY = YES;
				GCC_C_LANGUAGE_STANDARD = gnu99;
				GCC_DYNAMIC_NO_PIC = NO;
				GCC_NO_COMMON_BLOCKS = YES;
				GCC_OPTIMIZATION_LEVEL = 0;
				GCC_PREPROCESSOR_DEFINITIONS = (
					"DEBUG=1",
					"$(inherited)",
				);
				GCC_WARN_64_TO_32_BIT_CONVERSION = YES;
				GCC_WARN_ABOUT_RETURN_TYPE = YES_ERROR;
				GCC_WARN_UNDECLARED_SELECTOR = YES;
				GCC_WARN_UNINITIALIZED_AUTOS = YES_AGGRESSIVE;
				GCC_WARN_UNUSED_FUNCTION = YES;
				GCC_WARN_UNUSED_VARIABLE = YES;
				IPHONEOS_DEPLOYMENT_TARGET = 9.3;
				MTL_ENABLE_DEBUG_INFO = YES;
				ONLY_ACTIVE_ARCH = YES;
				SDKROOT = iphoneos;
				SWIFT_OPTIMIZATION_LEVEL = "-Onone";
				TARGETED_DEVICE_FAMILY = "1,2";
			};
			name = Debug;
		};
		AE5478871DDA3FD4005DEB61 /* Release */ = {
			isa = XCBuildConfiguration;
			buildSettings = {
				ALWAYS_SEARCH_USER_PATHS = NO;
				CLANG_ANALYZER_NONNULL = YES;
				CLANG_CXX_LANGUAGE_STANDARD = "gnu++0x";
				CLANG_CXX_LIBRARY = "libc++";
				CLANG_ENABLE_MODULES = YES;
				CLANG_ENABLE_OBJC_ARC = YES;
				CLANG_WARN_BOOL_CONVERSION = YES;
				CLANG_WARN_CONSTANT_CONVERSION = YES;
				CLANG_WARN_DIRECT_OBJC_ISA_USAGE = YES_ERROR;
				CLANG_WARN_EMPTY_BODY = YES;
				CLANG_WARN_ENUM_CONVERSION = YES;
				CLANG_WARN_INT_CONVERSION = YES;
				CLANG_WARN_OBJC_ROOT_CLASS = YES_ERROR;
				CLANG_WARN_UNREACHABLE_CODE = YES;
				CLANG_WARN__DUPLICATE_METHOD_MATCH = YES;
				"CODE_SIGN_IDENTITY[sdk=iphoneos*]" = "iPhone Developer";
				COPY_PHASE_STRIP = NO;
				DEBUG_INFORMATION_FORMAT = "dwarf-with-dsym";
				ENABLE_NS_ASSERTIONS = NO;
				ENABLE_STRICT_OBJC_MSGSEND = YES;
				GCC_C_LANGUAGE_STANDARD = gnu99;
				GCC_NO_COMMON_BLOCKS = YES;
				GCC_WARN_64_TO_32_BIT_CONVERSION = YES;
				GCC_WARN_ABOUT_RETURN_TYPE = YES_ERROR;
				GCC_WARN_UNDECLARED_SELECTOR = YES;
				GCC_WARN_UNINITIALIZED_AUTOS = YES_AGGRESSIVE;
				GCC_WARN_UNUSED_FUNCTION = YES;
				GCC_WARN_UNUSED_VARIABLE = YES;
				IPHONEOS_DEPLOYMENT_TARGET = 9.3;
				MTL_ENABLE_DEBUG_INFO = NO;
				SDKROOT = iphoneos;
				TARGETED_DEVICE_FAMILY = "1,2";
				VALIDATE_PRODUCT = YES;
			};
			name = Release;
		};
		AE5478891DDA3FD4005DEB61 /* Debug */ = {
			isa = XCBuildConfiguration;
			buildSettings = {
				ASSETCATALOG_COMPILER_APPICON_NAME = AppIcon;
				CLANG_ENABLE_MODULES = YES;
				DEFINES_MODULE = YES;
				FRAMEWORK_SEARCH_PATHS = "";
				INFOPLIST_FILE = Examples_Swift/Info.plist;
				LD_RUNPATH_SEARCH_PATHS = "$(inherited) @executable_path/Frameworks";
				PRODUCT_BUNDLE_IDENTIFIER = "com.smartystreets.api.Examples-Swift";
				PRODUCT_NAME = "$(TARGET_NAME)";
				SWIFT_OBJC_BRIDGING_HEADER = "Examples_Swift-Bridging-Header.h";
				SWIFT_OPTIMIZATION_LEVEL = "-Onone";
				SWIFT_VERSION = 3.0;
			};
			name = Debug;
		};
		AE54788A1DDA3FD4005DEB61 /* Release */ = {
			isa = XCBuildConfiguration;
			buildSettings = {
				ASSETCATALOG_COMPILER_APPICON_NAME = AppIcon;
				CLANG_ENABLE_MODULES = YES;
				DEFINES_MODULE = YES;
				FRAMEWORK_SEARCH_PATHS = "";
				INFOPLIST_FILE = Examples_Swift/Info.plist;
				LD_RUNPATH_SEARCH_PATHS = "$(inherited) @executable_path/Frameworks";
				PRODUCT_BUNDLE_IDENTIFIER = "com.smartystreets.api.Examples-Swift";
				PRODUCT_NAME = "$(TARGET_NAME)";
				SWIFT_OBJC_BRIDGING_HEADER = "Examples_Swift-Bridging-Header.h";
				SWIFT_VERSION = 3.0;
			};
			name = Release;
		};
/* End XCBuildConfiguration section */

/* Begin XCConfigurationList section */
		AE5478711DDA3FD4005DEB61 /* Build configuration list for PBXProject "Examples_Swift" */ = {
			isa = XCConfigurationList;
			buildConfigurations = (
				AE5478861DDA3FD4005DEB61 /* Debug */,
				AE5478871DDA3FD4005DEB61 /* Release */,
			);
			defaultConfigurationIsVisible = 0;
			defaultConfigurationName = Release;
		};
		AE5478881DDA3FD4005DEB61 /* Build configuration list for PBXNativeTarget "Examples_Swift" */ = {
			isa = XCConfigurationList;
			buildConfigurations = (
				AE5478891DDA3FD4005DEB61 /* Debug */,
				AE54788A1DDA3FD4005DEB61 /* Release */,
			);
			defaultConfigurationIsVisible = 0;
			defaultConfigurationName = Release;
		};
/* End XCConfigurationList section */
	};
	rootObject = AE54786E1DDA3FD4005DEB61 /* Project object */;
}
